PODS:
  - Alamofire (1.1.4)

DEPENDENCIES:
  - Alamofire (from `https://github.com/Alamofire/Alamofire`)

EXTERNAL SOURCES:
  Alamofire:
    :git: https://github.com/Alamofire/Alamofire

CHECKOUT OPTIONS:
  Alamofire:
    :commit: 3b3d4db0afc112227941976aee723a5923fd8d90
    :git: https://github.com/Alamofire/Alamofire

SPEC CHECKSUMS:
  Alamofire: 6a2cbaebe78a6d469bc55ee37f0a24ba22af76ac

COCOAPODS: 0.36.0.rc.1
