// !$*UTF8*$!
{
	archiveVersion = 1;
	classes = {
	};
	objectVersion = 46;
	objects = {

/* Begin PBXBuildFile section */
		4D3AB66B1A7FD086008339F4 /* iTunesSearchOSX.h in Headers */ = {isa = PBXBuildFile; fileRef = 4D3AB66A1A7FD086008339F4 /* iTunesSearchOSX.h */; settings = {ATTRIBUTES = (Public, ); }; };
		4D3AB6711A7FD086008339F4 /* iTunesSearchOSX.framework in Frameworks */ = {isa = PBXBuildFile; fileRef = 4D3AB6651A7FD086008339F4 /* iTunesSearchOSX.framework */; };
		4D3AB6781A7FD086008339F4 /* iTunesSearchOSXTests.swift in Sources */ = {isa = PBXBuildFile; fileRef = 4D3AB6771A7FD086008339F4 /* iTunesSearchOSXTests.swift */; };
		4DAF7C871A7FDA52003DCE48 /* iTunesSearchiOS.h in Headers */ = {isa = PBXBuildFile; fileRef = 4DAF7C861A7FDA52003DCE48 /* iTunesSearchiOS.h */; settings = {ATTRIBUTES = (Public, ); }; };
		4DAF7C8D1A7FDA52003DCE48 /* iTunesSearchiOS.framework in Frameworks */ = {isa = PBXBuildFile; fileRef = 4DAF7C821A7FDA52003DCE48 /* iTunesSearchiOS.framework */; };
		4DAF7C941A7FDA52003DCE48 /* iTunesSearchiOSTests.swift in Sources */ = {isa = PBXBuildFile; fileRef = 4DAF7C931A7FDA52003DCE48 /* iTunesSearchiOSTests.swift */; };
		4DAF7CD41A7FDBD0003DCE48 /* iTunesSearch.swift in Sources */ = {isa = PBXBuildFile; fileRef = 4DAF7CD31A7FDBD0003DCE48 /* iTunesSearch.swift */; };
		4DAF7CD51A7FDBD0003DCE48 /* iTunesSearch.swift in Sources */ = {isa = PBXBuildFile; fileRef = 4DAF7CD31A7FDBD0003DCE48 /* iTunesSearch.swift */; };
/* End PBXBuildFile section */

/* Begin PBXContainerItemProxy section */
		4D3AB6721A7FD086008339F4 /* PBXContainerItemProxy */ = {
			isa = PBXContainerItemProxy;
			containerPortal = 4D3AB5DE1A7FCE8D008339F4 /* Project object */;
			proxyType = 1;
			remoteGlobalIDString = 4D3AB6641A7FD086008339F4;
			remoteInfo = iTunesSearchOSX;
		};
		4DAF7C8E1A7FDA52003DCE48 /* PBXContainerItemProxy */ = {
			isa = PBXContainerItemProxy;
			containerPortal = 4D3AB5DE1A7FCE8D008339F4 /* Project object */;
			proxyType = 1;
			remoteGlobalIDString = 4DAF7C811A7FDA52003DCE48;
			remoteInfo = iTunesSearchiOS;
		};
/* End PBXContainerItemProxy section */

/* Begin PBXFileReference section */
		4D2E8E6A1A9EA5DC0034C672 /* Pods-OSX.debug.xcconfig */ = {isa = PBXFileReference; lastKnownFileType = text.xcconfig; name = "Pods-OSX.debug.xcconfig"; path = "/Users/mark/Projects/podlab/OSXApp/../Pods/Target Support Files/Pods-OSX/Pods-OSX.debug.xcconfig"; sourceTree = "<absolute>"; };
		4D2E8E6B1A9EA5DC0034C672 /* Pods-OSX.release.xcconfig */ = {isa = PBXFileReference; lastKnownFileType = text.xcconfig; name = "Pods-OSX.release.xcconfig"; path = "/Users/mark/Projects/podlab/OSXApp/../Pods/Target Support Files/Pods-OSX/Pods-OSX.release.xcconfig"; sourceTree = "<absolute>"; };
		4D2E8E721A9EA5F70034C672 /* Pods-iOS.debug.xcconfig */ = {isa = PBXFileReference; fileEncoding = 4; lastKnownFileType = text.xcconfig; name = "Pods-iOS.debug.xcconfig"; path = "/Users/mark/Projects/podlab/iOSApp/../Pods/Target Support Files/Pods-iOS/Pods-iOS.debug.xcconfig"; sourceTree = "<absolute>"; };
		4D2E8E731A9EA5F70034C672 /* Pods-iOS.release.xcconfig */ = {isa = PBXFileReference; fileEncoding = 4; lastKnownFileType = text.xcconfig; name = "Pods-iOS.release.xcconfig"; path = "/Users/mark/Projects/podlab/iOSApp/../Pods/Target Support Files/Pods-iOS/Pods-iOS.release.xcconfig"; sourceTree = "<absolute>"; };
		4D3AB6651A7FD086008339F4 /* iTunesSearchOSX.framework */ = {isa = PBXFileReference; explicitFileType = wrapper.framework; includeInIndex = 0; path = iTunesSearchOSX.framework; sourceTree = BUILT_PRODUCTS_DIR; };
		4D3AB6691A7FD086008339F4 /* Info.plist */ = {isa = PBXFileReference; lastKnownFileType = text.plist.xml; path = Info.plist; sourceTree = "<group>"; };
		4D3AB66A1A7FD086008339F4 /* iTunesSearchOSX.h */ = {isa = PBXFileReference; lastKnownFileType = sourcecode.c.h; path = iTunesSearchOSX.h; sourceTree = "<group>"; };
		4D3AB6701A7FD086008339F4 /* iTunesSearchOSXTests.xctest */ = {isa = PBXFileReference; explicitFileType = wrapper.cfbundle; includeInIndex = 0; path = iTunesSearchOSXTests.xctest; sourceTree = BUILT_PRODUCTS_DIR; };
		4D3AB6761A7FD086008339F4 /* Info.plist */ = {isa = PBXFileReference; lastKnownFileType = text.plist.xml; path = Info.plist; sourceTree = "<group>"; };
		4D3AB6771A7FD086008339F4 /* iTunesSearchOSXTests.swift */ = {isa = PBXFileReference; lastKnownFileType = sourcecode.swift; path = iTunesSearchOSXTests.swift; sourceTree = "<group>"; };
		4DAF7C821A7FDA52003DCE48 /* iTunesSearchiOS.framework */ = {isa = PBXFileReference; explicitFileType = wrapper.framework; includeInIndex = 0; path = iTunesSearchiOS.framework; sourceTree = BUILT_PRODUCTS_DIR; };
		4DAF7C851A7FDA52003DCE48 /* Info.plist */ = {isa = PBXFileReference; lastKnownFileType = text.plist.xml; path = Info.plist; sourceTree = "<group>"; };
		4DAF7C861A7FDA52003DCE48 /* iTunesSearchiOS.h */ = {isa = PBXFileReference; lastKnownFileType = sourcecode.c.h; path = iTunesSearchiOS.h; sourceTree = "<group>"; };
		4DAF7C8C1A7FDA52003DCE48 /* iTunesSearchiOSTests.xctest */ = {isa = PBXFileReference; explicitFileType = wrapper.cfbundle; includeInIndex = 0; path = iTunesSearchiOSTests.xctest; sourceTree = BUILT_PRODUCTS_DIR; };
		4DAF7C921A7FDA52003DCE48 /* Info.plist */ = {isa = PBXFileReference; lastKnownFileType = text.plist.xml; path = Info.plist; sourceTree = "<group>"; };
		4DAF7C931A7FDA52003DCE48 /* iTunesSearchiOSTests.swift */ = {isa = PBXFileReference; lastKnownFileType = sourcecode.swift; path = iTunesSearchiOSTests.swift; sourceTree = "<group>"; };
		4DAF7CD31A7FDBD0003DCE48 /* iTunesSearch.swift */ = {isa = PBXFileReference; fileEncoding = 4; lastKnownFileType = sourcecode.swift; path = iTunesSearch.swift; sourceTree = "<group>"; };
/* End PBXFileReference section */

/* Begin PBXFrameworksBuildPhase section */
		4D3AB6611A7FD086008339F4 /* Frameworks */ = {
			isa = PBXFrameworksBuildPhase;
			buildActionMask = 2147483647;
			files = (
			);
			runOnlyForDeploymentPostprocessing = 0;
		};
		4D3AB66D1A7FD086008339F4 /* Frameworks */ = {
			isa = PBXFrameworksBuildPhase;
			buildActionMask = 2147483647;
			files = (
				4D3AB6711A7FD086008339F4 /* iTunesSearchOSX.framework in Frameworks */,
			);
			runOnlyForDeploymentPostprocessing = 0;
		};
		4DAF7C7E1A7FDA52003DCE48 /* Frameworks */ = {
			isa = PBXFrameworksBuildPhase;
			buildActionMask = 2147483647;
			files = (
			);
			runOnlyForDeploymentPostprocessing = 0;
		};
		4DAF7C891A7FDA52003DCE48 /* Frameworks */ = {
			isa = PBXFrameworksBuildPhase;
			buildActionMask = 2147483647;
			files = (
				4DAF7C8D1A7FDA52003DCE48 /* iTunesSearchiOS.framework in Frameworks */,
			);
			runOnlyForDeploymentPostprocessing = 0;
		};
/* End PBXFrameworksBuildPhase section */

/* Begin PBXGroup section */
		4D3AB5DD1A7FCE8D008339F4 = {
			isa = PBXGroup;
			children = (
				4D3AB6DB1A7FD0F4008339F4 /* iTunesSearch */,
				4D3AB6671A7FD086008339F4 /* iTunesSearchOSX */,
				4D3AB6741A7FD086008339F4 /* iTunesSearchOSXTests */,
				4DAF7C831A7FDA52003DCE48 /* iTunesSearchiOS */,
				4DAF7C901A7FDA52003DCE48 /* iTunesSearchiOSTests */,
				4D3AB6661A7FD086008339F4 /* Products */,
				75BFE1BE9A2976210748920C /* Pods */,
				A8F743D9DCFD6222E7FC81A3 /* Frameworks */,
			);
			sourceTree = "<group>";
		};
		4D3AB6661A7FD086008339F4 /* Products */ = {
			isa = PBXGroup;
			children = (
				4D3AB6651A7FD086008339F4 /* iTunesSearchOSX.framework */,
				4D3AB6701A7FD086008339F4 /* iTunesSearchOSXTests.xctest */,
				4DAF7C821A7FDA52003DCE48 /* iTunesSearchiOS.framework */,
				4DAF7C8C1A7FDA52003DCE48 /* iTunesSearchiOSTests.xctest */,
			);
			name = Products;
			sourceTree = "<group>";
		};
		4D3AB6671A7FD086008339F4 /* iTunesSearchOSX */ = {
			isa = PBXGroup;
			children = (
				4D3AB66A1A7FD086008339F4 /* iTunesSearchOSX.h */,
				4D3AB6681A7FD086008339F4 /* Supporting Files */,
			);
			path = iTunesSearchOSX;
			sourceTree = "<group>";
		};
		4D3AB6681A7FD086008339F4 /* Supporting Files */ = {
			isa = PBXGroup;
			children = (
				4D3AB6691A7FD086008339F4 /* Info.plist */,
			);
			name = "Supporting Files";
			sourceTree = "<group>";
		};
		4D3AB6741A7FD086008339F4 /* iTunesSearchOSXTests */ = {
			isa = PBXGroup;
			children = (
				4D3AB6771A7FD086008339F4 /* iTunesSearchOSXTests.swift */,
				4D3AB6751A7FD086008339F4 /* Supporting Files */,
			);
			path = iTunesSearchOSXTests;
			sourceTree = "<group>";
		};
		4D3AB6751A7FD086008339F4 /* Supporting Files */ = {
			isa = PBXGroup;
			children = (
				4D3AB6761A7FD086008339F4 /* Info.plist */,
			);
			name = "Supporting Files";
			sourceTree = "<group>";
		};
		4D3AB6DB1A7FD0F4008339F4 /* iTunesSearch */ = {
			isa = PBXGroup;
			children = (
				4DAF7CD31A7FDBD0003DCE48 /* iTunesSearch.swift */,
			);
			path = iTunesSearch;
			sourceTree = "<group>";
		};
		4DAF7C831A7FDA52003DCE48 /* iTunesSearchiOS */ = {
			isa = PBXGroup;
			children = (
				4DAF7C861A7FDA52003DCE48 /* iTunesSearchiOS.h */,
				4DAF7C841A7FDA52003DCE48 /* Supporting Files */,
			);
			path = iTunesSearchiOS;
			sourceTree = "<group>";
		};
		4DAF7C841A7FDA52003DCE48 /* Supporting Files */ = {
			isa = PBXGroup;
			children = (
				4DAF7C851A7FDA52003DCE48 /* Info.plist */,
			);
			name = "Supporting Files";
			sourceTree = "<group>";
		};
		4DAF7C901A7FDA52003DCE48 /* iTunesSearchiOSTests */ = {
			isa = PBXGroup;
			children = (
				4DAF7C931A7FDA52003DCE48 /* iTunesSearchiOSTests.swift */,
				4DAF7C911A7FDA52003DCE48 /* Supporting Files */,
			);
			path = iTunesSearchiOSTests;
			sourceTree = "<group>";
		};
		4DAF7C911A7FDA52003DCE48 /* Supporting Files */ = {
			isa = PBXGroup;
			children = (
				4DAF7C921A7FDA52003DCE48 /* Info.plist */,
			);
			name = "Supporting Files";
			sourceTree = "<group>";
		};
		75BFE1BE9A2976210748920C /* Pods */ = {
			isa = PBXGroup;
			children = (
				4D2E8E721A9EA5F70034C672 /* Pods-iOS.debug.xcconfig */,
				4D2E8E731A9EA5F70034C672 /* Pods-iOS.release.xcconfig */,
				4D2E8E6A1A9EA5DC0034C672 /* Pods-OSX.debug.xcconfig */,
				4D2E8E6B1A9EA5DC0034C672 /* Pods-OSX.release.xcconfig */,
			);
			name = Pods;
			sourceTree = "<group>";
		};
		A8F743D9DCFD6222E7FC81A3 /* Frameworks */ = {
			isa = PBXGroup;
			children = (
			);
			name = Frameworks;
			sourceTree = "<group>";
		};
/* End PBXGroup section */

/* Begin PBXHeadersBuildPhase section */
		4D3AB6621A7FD086008339F4 /* Headers */ = {
			isa = PBXHeadersBuildPhase;
			buildActionMask = 2147483647;
			files = (
				4D3AB66B1A7FD086008339F4 /* iTunesSearchOSX.h in Headers */,
			);
			runOnlyForDeploymentPostprocessing = 0;
		};
		4DAF7C7F1A7FDA52003DCE48 /* Headers */ = {
			isa = PBXHeadersBuildPhase;
			buildActionMask = 2147483647;
			files = (
				4DAF7C871A7FDA52003DCE48 /* iTunesSearchiOS.h in Headers */,
			);
			runOnlyForDeploymentPostprocessing = 0;
		};
/* End PBXHeadersBuildPhase section */

/* Begin PBXNativeTarget section */
		4D3AB6641A7FD086008339F4 /* iTunesSearchOSX */ = {
			isa = PBXNativeTarget;
			buildConfigurationList = 4D3AB67D1A7FD086008339F4 /* Build configuration list for PBXNativeTarget "iTunesSearchOSX" */;
			buildPhases = (
				34E4A0222E44A991E5B85552 /* Check Pods Manifest.lock */,
				4D3AB6601A7FD086008339F4 /* Sources */,
				4D3AB6611A7FD086008339F4 /* Frameworks */,
				4D3AB6621A7FD086008339F4 /* Headers */,
				4D3AB6631A7FD086008339F4 /* Resources */,
				BE2B332AE2FFF030211C5893 /* Embed Pods Frameworks */,
				DB1D938EB074624C09DC8931 /* Copy Pods Resources */,
			);
			buildRules = (
			);
			dependencies = (
			);
			name = iTunesSearchOSX;
			productName = iTunesSearchOSX;
			productReference = 4D3AB6651A7FD086008339F4 /* iTunesSearchOSX.framework */;
			productType = "com.apple.product-type.framework";
		};
		4D3AB66F1A7FD086008339F4 /* iTunesSearchOSXTests */ = {
			isa = PBXNativeTarget;
			buildConfigurationList = 4D3AB67E1A7FD086008339F4 /* Build configuration list for PBXNativeTarget "iTunesSearchOSXTests" */;
			buildPhases = (
				4D3AB66C1A7FD086008339F4 /* Sources */,
				4D3AB66D1A7FD086008339F4 /* Frameworks */,
				4D3AB66E1A7FD086008339F4 /* Resources */,
			);
			buildRules = (
			);
			dependencies = (
				4D3AB6731A7FD086008339F4 /* PBXTargetDependency */,
			);
			name = iTunesSearchOSXTests;
			productName = iTunesSearchOSXTests;
			productReference = 4D3AB6701A7FD086008339F4 /* iTunesSearchOSXTests.xctest */;
			productType = "com.apple.product-type.bundle.unit-test";
		};
		4DAF7C811A7FDA52003DCE48 /* iTunesSearchiOS */ = {
			isa = PBXNativeTarget;
			buildConfigurationList = 4DAF7C951A7FDA52003DCE48 /* Build configuration list for PBXNativeTarget "iTunesSearchiOS" */;
			buildPhases = (
				9AA19F8DC2C3936FDFFBA706 /* Check Pods Manifest.lock */,
				4DAF7C7D1A7FDA52003DCE48 /* Sources */,
				4DAF7C7E1A7FDA52003DCE48 /* Frameworks */,
				4DAF7C7F1A7FDA52003DCE48 /* Headers */,
				4DAF7C801A7FDA52003DCE48 /* Resources */,
				AA4E64D88271C5C05440B507 /* Embed Pods Frameworks */,
				A3F5353C64C63B2E6F3EEEE0 /* Copy Pods Resources */,
			);
			buildRules = (
			);
			dependencies = (
			);
			name = iTunesSearchiOS;
			productName = iTunesSearchiOS;
			productReference = 4DAF7C821A7FDA52003DCE48 /* iTunesSearchiOS.framework */;
			productType = "com.apple.product-type.framework";
		};
		4DAF7C8B1A7FDA52003DCE48 /* iTunesSearchiOSTests */ = {
			isa = PBXNativeTarget;
			buildConfigurationList = 4DAF7C981A7FDA52003DCE48 /* Build configuration list for PBXNativeTarget "iTunesSearchiOSTests" */;
			buildPhases = (
				4DAF7C881A7FDA52003DCE48 /* Sources */,
				4DAF7C891A7FDA52003DCE48 /* Frameworks */,
				4DAF7C8A1A7FDA52003DCE48 /* Resources */,
			);
			buildRules = (
			);
			dependencies = (
				4DAF7C8F1A7FDA52003DCE48 /* PBXTargetDependency */,
			);
			name = iTunesSearchiOSTests;
			productName = iTunesSearchiOSTests;
			productReference = 4DAF7C8C1A7FDA52003DCE48 /* iTunesSearchiOSTests.xctest */;
			productType = "com.apple.product-type.bundle.unit-test";
		};
/* End PBXNativeTarget section */

/* Begin PBXProject section */
		4D3AB5DE1A7FCE8D008339F4 /* Project object */ = {
			isa = PBXProject;
			attributes = {
				LastUpgradeCheck = 0610;
				TargetAttributes = {
					4D3AB6641A7FD086008339F4 = {
						CreatedOnToolsVersion = 6.1.1;
					};
					4D3AB66F1A7FD086008339F4 = {
						CreatedOnToolsVersion = 6.1.1;
					};
					4DAF7C811A7FDA52003DCE48 = {
						CreatedOnToolsVersion = 6.1.1;
					};
					4DAF7C8B1A7FDA52003DCE48 = {
						CreatedOnToolsVersion = 6.1.1;
					};
				};
			};
			buildConfigurationList = 4D3AB5E11A7FCE8D008339F4 /* Build configuration list for PBXProject "iTunesSearch" */;
			compatibilityVersion = "Xcode 3.2";
			developmentRegion = English;
			hasScannedForEncodings = 0;
			knownRegions = (
				en,
			);
			mainGroup = 4D3AB5DD1A7FCE8D008339F4;
			productRefGroup = 4D3AB6661A7FD086008339F4 /* Products */;
			projectDirPath = "";
			projectRoot = "";
			targets = (
				4D3AB6641A7FD086008339F4 /* iTunesSearchOSX */,
				4D3AB66F1A7FD086008339F4 /* iTunesSearchOSXTests */,
				4DAF7C811A7FDA52003DCE48 /* iTunesSearchiOS */,
				4DAF7C8B1A7FDA52003DCE48 /* iTunesSearchiOSTests */,
			);
		};
/* End PBXProject section */

/* Begin PBXResourcesBuildPhase section */
		4D3AB6631A7FD086008339F4 /* Resources */ = {
			isa = PBXResourcesBuildPhase;
			buildActionMask = 2147483647;
			files = (
			);
			runOnlyForDeploymentPostprocessing = 0;
		};
		4D3AB66E1A7FD086008339F4 /* Resources */ = {
			isa = PBXResourcesBuildPhase;
			buildActionMask = 2147483647;
			files = (
			);
			runOnlyForDeploymentPostprocessing = 0;
		};
		4DAF7C801A7FDA52003DCE48 /* Resources */ = {
			isa = PBXResourcesBuildPhase;
			buildActionMask = 2147483647;
			files = (
			);
			runOnlyForDeploymentPostprocessing = 0;
		};
		4DAF7C8A1A7FDA52003DCE48 /* Resources */ = {
			isa = PBXResourcesBuildPhase;
			buildActionMask = 2147483647;
			files = (
			);
			runOnlyForDeploymentPostprocessing = 0;
		};
/* End PBXResourcesBuildPhase section */

/* Begin PBXShellScriptBuildPhase section */
		34E4A0222E44A991E5B85552 /* Check Pods Manifest.lock */ = {
			isa = PBXShellScriptBuildPhase;
			buildActionMask = 2147483647;
			files = (
			);
			inputPaths = (
			);
			name = "Check Pods Manifest.lock";
			outputPaths = (
			);
			runOnlyForDeploymentPostprocessing = 0;
			shellPath = /bin/sh;
			shellScript = "diff \"${PODS_ROOT}/../Podfile.lock\" \"${PODS_ROOT}/Manifest.lock\" > /dev/null\nif [[ $? != 0 ]] ; then\n    cat << EOM\nerror: The sandbox is not in sync with the Podfile.lock. Run 'pod install' or update your CocoaPods installation.\nEOM\n    exit 1\nfi\n";
			showEnvVarsInLog = 0;
		};
		9AA19F8DC2C3936FDFFBA706 /* Check Pods Manifest.lock */ = {
			isa = PBXShellScriptBuildPhase;
			buildActionMask = 2147483647;
			files = (
			);
			inputPaths = (
			);
			name = "Check Pods Manifest.lock";
			outputPaths = (
			);
			runOnlyForDeploymentPostprocessing = 0;
			shellPath = /bin/sh;
			shellScript = "diff \"${PODS_ROOT}/../Podfile.lock\" \"${PODS_ROOT}/Manifest.lock\" > /dev/null\nif [[ $? != 0 ]] ; then\n    cat << EOM\nerror: The sandbox is not in sync with the Podfile.lock. Run 'pod install' or update your CocoaPods installation.\nEOM\n    exit 1\nfi\n";
			showEnvVarsInLog = 0;
		};
		A3F5353C64C63B2E6F3EEEE0 /* Copy Pods Resources */ = {
			isa = PBXShellScriptBuildPhase;
			buildActionMask = 2147483647;
			files = (
			);
			inputPaths = (
			);
			name = "Copy Pods Resources";
			outputPaths = (
			);
			runOnlyForDeploymentPostprocessing = 0;
			shellPath = /bin/sh;
			shellScript = "\"${SRCROOT}/../Pods/Target Support Files/Pods-iOS/Pods-iOS-resources.sh\"\n";
			showEnvVarsInLog = 0;
		};
		AA4E64D88271C5C05440B507 /* Embed Pods Frameworks */ = {
			isa = PBXShellScriptBuildPhase;
			buildActionMask = 2147483647;
			files = (
			);
			inputPaths = (
			);
			name = "Embed Pods Frameworks";
			outputPaths = (
			);
			runOnlyForDeploymentPostprocessing = 0;
			shellPath = /bin/sh;
			shellScript = "\"${SRCROOT}/../Pods/Target Support Files/Pods-iOS/Pods-iOS-frameworks.sh\"\n";
			showEnvVarsInLog = 0;
		};
		BE2B332AE2FFF030211C5893 /* Embed Pods Frameworks */ = {
			isa = PBXShellScriptBuildPhase;
			buildActionMask = 2147483647;
			files = (
			);
			inputPaths = (
			);
			name = "Embed Pods Frameworks";
			outputPaths = (
			);
			runOnlyForDeploymentPostprocessing = 0;
			shellPath = /bin/sh;
			shellScript = "\"${SRCROOT}/../Pods/Target Support Files/Pods-OSX/Pods-OSX-frameworks.sh\"\n";
			showEnvVarsInLog = 0;
		};
		DB1D938EB074624C09DC8931 /* Copy Pods Resources */ = {
			isa = PBXShellScriptBuildPhase;
			buildActionMask = 2147483647;
			files = (
			);
			inputPaths = (
			);
			name = "Copy Pods Resources";
			outputPaths = (
			);
			runOnlyForDeploymentPostprocessing = 0;
			shellPath = /bin/sh;
			shellScript = "\"${SRCROOT}/../Pods/Target Support Files/Pods-OSX/Pods-OSX-resources.sh\"\n";
			showEnvVarsInLog = 0;
		};
/* End PBXShellScriptBuildPhase section */

/* Begin PBXSourcesBuildPhase section */
		4D3AB6601A7FD086008339F4 /* Sources */ = {
			isa = PBXSourcesBuildPhase;
			buildActionMask = 2147483647;
			files = (
				4DAF7CD41A7FDBD0003DCE48 /* iTunesSearch.swift in Sources */,
			);
			runOnlyForDeploymentPostprocessing = 0;
		};
		4D3AB66C1A7FD086008339F4 /* Sources */ = {
			isa = PBXSourcesBuildPhase;
			buildActionMask = 2147483647;
			files = (
				4D3AB6781A7FD086008339F4 /* iTunesSearchOSXTests.swift in Sources */,
			);
			runOnlyForDeploymentPostprocessing = 0;
		};
		4DAF7C7D1A7FDA52003DCE48 /* Sources */ = {
			isa = PBXSourcesBuildPhase;
			buildActionMask = 2147483647;
			files = (
				4DAF7CD51A7FDBD0003DCE48 /* iTunesSearch.swift in Sources */,
			);
			runOnlyForDeploymentPostprocessing = 0;
		};
		4DAF7C881A7FDA52003DCE48 /* Sources */ = {
			isa = PBXSourcesBuildPhase;
			buildActionMask = 2147483647;
			files = (
				4DAF7C941A7FDA52003DCE48 /* iTunesSearchiOSTests.swift in Sources */,
			);
			runOnlyForDeploymentPostprocessing = 0;
		};
/* End PBXSourcesBuildPhase section */

/* Begin PBXTargetDependency section */
		4D3AB6731A7FD086008339F4 /* PBXTargetDependency */ = {
			isa = PBXTargetDependency;
			target = 4D3AB6641A7FD086008339F4 /* iTunesSearchOSX */;
			targetProxy = 4D3AB6721A7FD086008339F4 /* PBXContainerItemProxy */;
		};
		4DAF7C8F1A7FDA52003DCE48 /* PBXTargetDependency */ = {
			isa = PBXTargetDependency;
			target = 4DAF7C811A7FDA52003DCE48 /* iTunesSearchiOS */;
			targetProxy = 4DAF7C8E1A7FDA52003DCE48 /* PBXContainerItemProxy */;
		};
/* End PBXTargetDependency section */

/* Begin XCBuildConfiguration section */
		4D3AB5E21A7FCE8D008339F4 /* Debug */ = {
			isa = XCBuildConfiguration;
			buildSettings = {
				SWIFT_INSTALL_OBJC_HEADER = NO;
			};
			name = Debug;
		};
		4D3AB5E31A7FCE8D008339F4 /* Release */ = {
			isa = XCBuildConfiguration;
			buildSettings = {
				SWIFT_INSTALL_OBJC_HEADER = NO;
			};
			name = Release;
		};
		4D3AB6791A7FD086008339F4 /* Debug */ = {
			isa = XCBuildConfiguration;
			baseConfigurationReference = 4D2E8E6A1A9EA5DC0034C672 /* Pods-OSX.debug.xcconfig */;
			buildSettings = {
				ALWAYS_SEARCH_USER_PATHS = NO;
				CLANG_CXX_LANGUAGE_STANDARD = "gnu++0x";
				CLANG_CXX_LIBRARY = "libc++";
				CLANG_ENABLE_MODULES = YES;
				CLANG_ENABLE_OBJC_ARC = YES;
				CLANG_WARN_BOOL_CONVERSION = YES;
				CLANG_WARN_CONSTANT_CONVERSION = YES;
				CLANG_WARN_DIRECT_OBJC_ISA_USAGE = YES_ERROR;
				CLANG_WARN_EMPTY_BODY = YES;
				CLANG_WARN_ENUM_CONVERSION = YES;
				CLANG_WARN_INT_CONVERSION = YES;
				CLANG_WARN_OBJC_ROOT_CLASS = YES_ERROR;
				CLANG_WARN_UNREACHABLE_CODE = YES;
				CLANG_WARN__DUPLICATE_METHOD_MATCH = YES;
				COMBINE_HIDPI_IMAGES = YES;
				COPY_PHASE_STRIP = NO;
				CURRENT_PROJECT_VERSION = 1;
				DEFINES_MODULE = YES;
				DYLIB_COMPATIBILITY_VERSION = 1;
				DYLIB_CURRENT_VERSION = 1;
				DYLIB_INSTALL_NAME_BASE = "@rpath";
				ENABLE_STRICT_OBJC_MSGSEND = YES;
				FRAMEWORK_SEARCH_PATHS = (
					"$(inherited)",
					"$(USER_LIBRARY_DIR)/Developer/Xcode/DerivedData/PodLab-avqqmofnvtlxcwhagvlqixnnlfji/Build/Products/Debug",
				);
				FRAMEWORK_VERSION = A;
				GCC_C_LANGUAGE_STANDARD = gnu99;
				GCC_DYNAMIC_NO_PIC = NO;
				GCC_OPTIMIZATION_LEVEL = 0;
				GCC_PREPROCESSOR_DEFINITIONS = (
					"DEBUG=1",
					"$(inherited)",
				);
				GCC_SYMBOLS_PRIVATE_EXTERN = NO;
				GCC_WARN_64_TO_32_BIT_CONVERSION = YES;
				GCC_WARN_ABOUT_RETURN_TYPE = YES_ERROR;
				GCC_WARN_UNDECLARED_SELECTOR = YES;
				GCC_WARN_UNINITIALIZED_AUTOS = YES_AGGRESSIVE;
				GCC_WARN_UNUSED_FUNCTION = YES;
				GCC_WARN_UNUSED_VARIABLE = YES;
				INFOPLIST_FILE = iTunesSearchOSX/Info.plist;
				INSTALL_PATH = "$(LOCAL_LIBRARY_DIR)/Frameworks";
				LD_RUNPATH_SEARCH_PATHS = "$(inherited) @executable_path/../Frameworks @loader_path/Frameworks";
				MACOSX_DEPLOYMENT_TARGET = 10.10;
				MTL_ENABLE_DEBUG_INFO = YES;
				ONLY_ACTIVE_ARCH = YES;
				PRODUCT_NAME = "$(TARGET_NAME)";
				SDKROOT = macosx;
				SKIP_INSTALL = YES;
				SWIFT_OPTIMIZATION_LEVEL = "-Onone";
				VERSIONING_SYSTEM = "apple-generic";
				VERSION_INFO_PREFIX = "";
			};
			name = Debug;
		};
		4D3AB67A1A7FD086008339F4 /* Release */ = {
			isa = XCBuildConfiguration;
			baseConfigurationReference = 4D2E8E6B1A9EA5DC0034C672 /* Pods-OSX.release.xcconfig */;
			buildSettings = {
				ALWAYS_SEARCH_USER_PATHS = NO;
				CLANG_CXX_LANGUAGE_STANDARD = "gnu++0x";
				CLANG_CXX_LIBRARY = "libc++";
				CLANG_ENABLE_MODULES = YES;
				CLANG_ENABLE_OBJC_ARC = YES;
				CLANG_WARN_BOOL_CONVERSION = YES;
				CLANG_WARN_CONSTANT_CONVERSION = YES;
				CLANG_WARN_DIRECT_OBJC_ISA_USAGE = YES_ERROR;
				CLANG_WARN_EMPTY_BODY = YES;
				CLANG_WARN_ENUM_CONVERSION = YES;
				CLANG_WARN_INT_CONVERSION = YES;
				CLANG_WARN_OBJC_ROOT_CLASS = YES_ERROR;
				CLANG_WARN_UNREACHABLE_CODE = YES;
				CLANG_WARN__DUPLICATE_METHOD_MATCH = YES;
				COMBINE_HIDPI_IMAGES = YES;
				COPY_PHASE_STRIP = YES;
				CURRENT_PROJECT_VERSION = 1;
				DEBUG_INFORMATION_FORMAT = "dwarf-with-dsym";
				DEFINES_MODULE = YES;
				DYLIB_COMPATIBILITY_VERSION = 1;
				DYLIB_CURRENT_VERSION = 1;
				DYLIB_INSTALL_NAME_BASE = "@rpath";
				ENABLE_NS_ASSERTIONS = NO;
				ENABLE_STRICT_OBJC_MSGSEND = YES;
				FRAMEWORK_SEARCH_PATHS = (
					"$(inherited)",
					"$(USER_LIBRARY_DIR)/Developer/Xcode/DerivedData/PodLab-avqqmofnvtlxcwhagvlqixnnlfji/Build/Products/Debug",
				);
				FRAMEWORK_VERSION = A;
				GCC_C_LANGUAGE_STANDARD = gnu99;
				GCC_WARN_64_TO_32_BIT_CONVERSION = YES;
				GCC_WARN_ABOUT_RETURN_TYPE = YES_ERROR;
				GCC_WARN_UNDECLARED_SELECTOR = YES;
				GCC_WARN_UNINITIALIZED_AUTOS = YES_AGGRESSIVE;
				GCC_WARN_UNUSED_FUNCTION = YES;
				GCC_WARN_UNUSED_VARIABLE = YES;
				INFOPLIST_FILE = iTunesSearchOSX/Info.plist;
				INSTALL_PATH = "$(LOCAL_LIBRARY_DIR)/Frameworks";
				LD_RUNPATH_SEARCH_PATHS = "$(inherited) @executable_path/../Frameworks @loader_path/Frameworks";
				MACOSX_DEPLOYMENT_TARGET = 10.10;
				MTL_ENABLE_DEBUG_INFO = NO;
				PRODUCT_NAME = "$(TARGET_NAME)";
				SDKROOT = macosx;
				SKIP_INSTALL = YES;
				VERSIONING_SYSTEM = "apple-generic";
				VERSION_INFO_PREFIX = "";
			};
			name = Release;
		};
		4D3AB67B1A7FD086008339F4 /* Debug */ = {
			isa = XCBuildConfiguration;
			buildSettings = {
				ALWAYS_SEARCH_USER_PATHS = NO;
				CLANG_CXX_LANGUAGE_STANDARD = "gnu++0x";
				CLANG_CXX_LIBRARY = "libc++";
				CLANG_ENABLE_MODULES = YES;
				CLANG_ENABLE_OBJC_ARC = YES;
				CLANG_WARN_BOOL_CONVERSION = YES;
				CLANG_WARN_CONSTANT_CONVERSION = YES;
				CLANG_WARN_DIRECT_OBJC_ISA_USAGE = YES_ERROR;
				CLANG_WARN_EMPTY_BODY = YES;
				CLANG_WARN_ENUM_CONVERSION = YES;
				CLANG_WARN_INT_CONVERSION = YES;
				CLANG_WARN_OBJC_ROOT_CLASS = YES_ERROR;
				CLANG_WARN_UNREACHABLE_CODE = YES;
				CLANG_WARN__DUPLICATE_METHOD_MATCH = YES;
				COMBINE_HIDPI_IMAGES = YES;
				COPY_PHASE_STRIP = NO;
				ENABLE_STRICT_OBJC_MSGSEND = YES;
				FRAMEWORK_SEARCH_PATHS = (
					"$(DEVELOPER_FRAMEWORKS_DIR)",
					"$(inherited)",
				);
				GCC_C_LANGUAGE_STANDARD = gnu99;
				GCC_DYNAMIC_NO_PIC = NO;
				GCC_OPTIMIZATION_LEVEL = 0;
				GCC_PREPROCESSOR_DEFINITIONS = (
					"DEBUG=1",
					"$(inherited)",
				);
				GCC_SYMBOLS_PRIVATE_EXTERN = NO;
				GCC_WARN_64_TO_32_BIT_CONVERSION = YES;
				GCC_WARN_ABOUT_RETURN_TYPE = YES_ERROR;
				GCC_WARN_UNDECLARED_SELECTOR = YES;
				GCC_WARN_UNINITIALIZED_AUTOS = YES_AGGRESSIVE;
				GCC_WARN_UNUSED_FUNCTION = YES;
				GCC_WARN_UNUSED_VARIABLE = YES;
				INFOPLIST_FILE = iTunesSearchOSXTests/Info.plist;
				LD_RUNPATH_SEARCH_PATHS = "$(inherited) @executable_path/../Frameworks @loader_path/../Frameworks";
				MACOSX_DEPLOYMENT_TARGET = 10.10;
				MTL_ENABLE_DEBUG_INFO = YES;
				ONLY_ACTIVE_ARCH = YES;
				PRODUCT_NAME = "$(TARGET_NAME)";
				SDKROOT = macosx;
			};
			name = Debug;
		};
		4D3AB67C1A7FD086008339F4 /* Release */ = {
			isa = XCBuildConfiguration;
			buildSettings = {
				ALWAYS_SEARCH_USER_PATHS = NO;
				CLANG_CXX_LANGUAGE_STANDARD = "gnu++0x";
				CLANG_CXX_LIBRARY = "libc++";
				CLANG_ENABLE_MODULES = YES;
				CLANG_ENABLE_OBJC_ARC = YES;
				CLANG_WARN_BOOL_CONVERSION = YES;
				CLANG_WARN_CONSTANT_CONVERSION = YES;
				CLANG_WARN_DIRECT_OBJC_ISA_USAGE = YES_ERROR;
				CLANG_WARN_EMPTY_BODY = YES;
				CLANG_WARN_ENUM_CONVERSION = YES;
				CLANG_WARN_INT_CONVERSION = YES;
				CLANG_WARN_OBJC_ROOT_CLASS = YES_ERROR;
				CLANG_WARN_UNREACHABLE_CODE = YES;
				CLANG_WARN__DUPLICATE_METHOD_MATCH = YES;
				COMBINE_HIDPI_IMAGES = YES;
				COPY_PHASE_STRIP = YES;
				DEBUG_INFORMATION_FORMAT = "dwarf-with-dsym";
				ENABLE_NS_ASSERTIONS = NO;
				ENABLE_STRICT_OBJC_MSGSEND = YES;
				FRAMEWORK_SEARCH_PATHS = (
					"$(DEVELOPER_FRAMEWORKS_DIR)",
					"$(inherited)",
				);
				GCC_C_LANGUAGE_STANDARD = gnu99;
				GCC_WARN_64_TO_32_BIT_CONVERSION = YES;
				GCC_WARN_ABOUT_RETURN_TYPE = YES_ERROR;
				GCC_WARN_UNDECLARED_SELECTOR = YES;
				GCC_WARN_UNINITIALIZED_AUTOS = YES_AGGRESSIVE;
				GCC_WARN_UNUSED_FUNCTION = YES;
				GCC_WARN_UNUSED_VARIABLE = YES;
				INFOPLIST_FILE = iTunesSearchOSXTests/Info.plist;
				LD_RUNPATH_SEARCH_PATHS = "$(inherited) @executable_path/../Frameworks @loader_path/../Frameworks";
				MACOSX_DEPLOYMENT_TARGET = 10.10;
				MTL_ENABLE_DEBUG_INFO = NO;
				PRODUCT_NAME = "$(TARGET_NAME)";
				SDKROOT = macosx;
			};
			name = Release;
		};
		4DAF7C961A7FDA52003DCE48 /* Debug */ = {
			isa = XCBuildConfiguration;
			baseConfigurationReference = 4D2E8E731A9EA5F70034C672 /* Pods-iOS.release.xcconfig */;
			buildSettings = {
				ALWAYS_SEARCH_USER_PATHS = NO;
				CLANG_CXX_LANGUAGE_STANDARD = "gnu++0x";
				CLANG_CXX_LIBRARY = "libc++";
				CLANG_ENABLE_MODULES = YES;
				CLANG_ENABLE_OBJC_ARC = YES;
				CLANG_WARN_BOOL_CONVERSION = YES;
				CLANG_WARN_CONSTANT_CONVERSION = YES;
				CLANG_WARN_DIRECT_OBJC_ISA_USAGE = YES_ERROR;
				CLANG_WARN_EMPTY_BODY = YES;
				CLANG_WARN_ENUM_CONVERSION = YES;
				CLANG_WARN_INT_CONVERSION = YES;
				CLANG_WARN_OBJC_ROOT_CLASS = YES_ERROR;
				CLANG_WARN_UNREACHABLE_CODE = YES;
				CLANG_WARN__DUPLICATE_METHOD_MATCH = YES;
				"CODE_SIGN_IDENTITY[sdk=iphoneos*]" = "iPhone Developer";
				COPY_PHASE_STRIP = NO;
				CURRENT_PROJECT_VERSION = 1;
				DEFINES_MODULE = YES;
				DYLIB_COMPATIBILITY_VERSION = 1;
				DYLIB_CURRENT_VERSION = 1;
				DYLIB_INSTALL_NAME_BASE = "@rpath";
				ENABLE_STRICT_OBJC_MSGSEND = YES;
				FRAMEWORK_SEARCH_PATHS = (
					"$(inherited)",
					"/Users/mark/Projects/podlab/Pods/../build/Debug-iphoneos",
				);
				GCC_C_LANGUAGE_STANDARD = gnu99;
				GCC_DYNAMIC_NO_PIC = NO;
				GCC_OPTIMIZATION_LEVEL = 0;
				GCC_PREPROCESSOR_DEFINITIONS = (
					"DEBUG=1",
					"$(inherited)",
				);
				GCC_SYMBOLS_PRIVATE_EXTERN = NO;
				GCC_WARN_64_TO_32_BIT_CONVERSION = YES;
				GCC_WARN_ABOUT_RETURN_TYPE = YES_ERROR;
				GCC_WARN_UNDECLARED_SELECTOR = YES;
				GCC_WARN_UNINITIALIZED_AUTOS = YES_AGGRESSIVE;
				GCC_WARN_UNUSED_FUNCTION = YES;
				GCC_WARN_UNUSED_VARIABLE = YES;
				INFOPLIST_FILE = iTunesSearchiOS/Info.plist;
				INSTALL_PATH = "$(LOCAL_LIBRARY_DIR)/Frameworks";
				IPHONEOS_DEPLOYMENT_TARGET = 8.1;
				LD_RUNPATH_SEARCH_PATHS = "$(inherited) @executable_path/Frameworks @loader_path/Frameworks";
				MTL_ENABLE_DEBUG_INFO = YES;
				ONLY_ACTIVE_ARCH = YES;
				PRODUCT_NAME = "$(TARGET_NAME)";
				SDKROOT = iphoneos;
				SKIP_INSTALL = YES;
				SWIFT_OPTIMIZATION_LEVEL = "-Onone";
				TARGETED_DEVICE_FAMILY = "1,2";
				VERSIONING_SYSTEM = "apple-generic";
				VERSION_INFO_PREFIX = "";
			};
			name = Debug;
		};
		4DAF7C971A7FDA52003DCE48 /* Release */ = {
			isa = XCBuildConfiguration;
			baseConfigurationReference = 4D2E8E731A9EA5F70034C672 /* Pods-iOS.release.xcconfig */;
			buildSettings = {
				ALWAYS_SEARCH_USER_PATHS = NO;
				CLANG_CXX_LANGUAGE_STANDARD = "gnu++0x";
				CLANG_CXX_LIBRARY = "libc++";
				CLANG_ENABLE_MODULES = YES;
				CLANG_ENABLE_OBJC_ARC = YES;
				CLANG_WARN_BOOL_CONVERSION = YES;
				CLANG_WARN_CONSTANT_CONVERSION = YES;
				CLANG_WARN_DIRECT_OBJC_ISA_USAGE = YES_ERROR;
				CLANG_WARN_EMPTY_BODY = YES;
				CLANG_WARN_ENUM_CONVERSION = YES;
				CLANG_WARN_INT_CONVERSION = YES;
				CLANG_WARN_OBJC_ROOT_CLASS = YES_ERROR;
				CLANG_WARN_UNREACHABLE_CODE = YES;
				CLANG_WARN__DUPLICATE_METHOD_MATCH = YES;
				"CODE_SIGN_IDENTITY[sdk=iphoneos*]" = "iPhone Developer";
				COPY_PHASE_STRIP = YES;
				CURRENT_PROJECT_VERSION = 1;
				DEFINES_MODULE = YES;
				DYLIB_COMPATIBILITY_VERSION = 1;
				DYLIB_CURRENT_VERSION = 1;
				DYLIB_INSTALL_NAME_BASE = "@rpath";
				ENABLE_NS_ASSERTIONS = NO;
				ENABLE_STRICT_OBJC_MSGSEND = YES;
				FRAMEWORK_SEARCH_PATHS = (
					"$(inherited)",
					"/Users/mark/Projects/podlab/Pods/../build/Debug-iphoneos",
				);
				GCC_C_LANGUAGE_STANDARD = gnu99;
				GCC_WARN_64_TO_32_BIT_CONVERSION = YES;
				GCC_WARN_ABOUT_RETURN_TYPE = YES_ERROR;
				GCC_WARN_UNDECLARED_SELECTOR = YES;
				GCC_WARN_UNINITIALIZED_AUTOS = YES_AGGRESSIVE;
				GCC_WARN_UNUSED_FUNCTION = YES;
				GCC_WARN_UNUSED_VARIABLE = YES;
				INFOPLIST_FILE = iTunesSearchiOS/Info.plist;
				INSTALL_PATH = "$(LOCAL_LIBRARY_DIR)/Frameworks";
				IPHONEOS_DEPLOYMENT_TARGET = 8.1;
				LD_RUNPATH_SEARCH_PATHS = "$(inherited) @executable_path/Frameworks @loader_path/Frameworks";
				MTL_ENABLE_DEBUG_INFO = NO;
				PRODUCT_NAME = "$(TARGET_NAME)";
				SDKROOT = iphoneos;
				SKIP_INSTALL = YES;
				TARGETED_DEVICE_FAMILY = "1,2";
				VALIDATE_PRODUCT = YES;
				VERSIONING_SYSTEM = "apple-generic";
				VERSION_INFO_PREFIX = "";
			};
			name = Release;
		};
		4DAF7C991A7FDA52003DCE48 /* Debug */ = {
			isa = XCBuildConfiguration;
			buildSettings = {
				ALWAYS_SEARCH_USER_PATHS = NO;
				CLANG_CXX_LANGUAGE_STANDARD = "gnu++0x";
				CLANG_CXX_LIBRARY = "libc++";
				CLANG_ENABLE_MODULES = YES;
				CLANG_ENABLE_OBJC_ARC = YES;
				CLANG_WARN_BOOL_CONVERSION = YES;
				CLANG_WARN_CONSTANT_CONVERSION = YES;
				CLANG_WARN_DIRECT_OBJC_ISA_USAGE = YES_ERROR;
				CLANG_WARN_EMPTY_BODY = YES;
				CLANG_WARN_ENUM_CONVERSION = YES;
				CLANG_WARN_INT_CONVERSION = YES;
				CLANG_WARN_OBJC_ROOT_CLASS = YES_ERROR;
				CLANG_WARN_UNREACHABLE_CODE = YES;
				CLANG_WARN__DUPLICATE_METHOD_MATCH = YES;
				COPY_PHASE_STRIP = NO;
				ENABLE_STRICT_OBJC_MSGSEND = YES;
				FRAMEWORK_SEARCH_PATHS = (
					"$(SDKROOT)/Developer/Library/Frameworks",
					"$(inherited)",
				);
				GCC_C_LANGUAGE_STANDARD = gnu99;
				GCC_DYNAMIC_NO_PIC = NO;
				GCC_OPTIMIZATION_LEVEL = 0;
				GCC_PREPROCESSOR_DEFINITIONS = (
					"DEBUG=1",
					"$(inherited)",
				);
				GCC_SYMBOLS_PRIVATE_EXTERN = NO;
				GCC_WARN_64_TO_32_BIT_CONVERSION = YES;
				GCC_WARN_ABOUT_RETURN_TYPE = YES_ERROR;
				GCC_WARN_UNDECLARED_SELECTOR = YES;
				GCC_WARN_UNINITIALIZED_AUTOS = YES_AGGRESSIVE;
				GCC_WARN_UNUSED_FUNCTION = YES;
				GCC_WARN_UNUSED_VARIABLE = YES;
				INFOPLIST_FILE = iTunesSearchiOSTests/Info.plist;
				IPHONEOS_DEPLOYMENT_TARGET = 8.1;
				LD_RUNPATH_SEARCH_PATHS = "$(inherited) @executable_path/Frameworks @loader_path/Frameworks";
				MTL_ENABLE_DEBUG_INFO = YES;
				ONLY_ACTIVE_ARCH = YES;
				PRODUCT_NAME = "$(TARGET_NAME)";
				SDKROOT = iphoneos;
			};
			name = Debug;
		};
		4DAF7C9A1A7FDA52003DCE48 /* Release */ = {
			isa = XCBuildConfiguration;
			buildSettings = {
				ALWAYS_SEARCH_USER_PATHS = NO;
				CLANG_CXX_LANGUAGE_STANDARD = "gnu++0x";
				CLANG_CXX_LIBRARY = "libc++";
				CLANG_ENABLE_MODULES = YES;
				CLANG_ENABLE_OBJC_ARC = YES;
				CLANG_WARN_BOOL_CONVERSION = YES;
				CLANG_WARN_CONSTANT_CONVERSION = YES;
				CLANG_WARN_DIRECT_OBJC_ISA_USAGE = YES_ERROR;
				CLANG_WARN_EMPTY_BODY = YES;
				CLANG_WARN_ENUM_CONVERSION = YES;
				CLANG_WARN_INT_CONVERSION = YES;
				CLANG_WARN_OBJC_ROOT_CLASS = YES_ERROR;
				CLANG_WARN_UNREACHABLE_CODE = YES;
				CLANG_WARN__DUPLICATE_METHOD_MATCH = YES;
				COPY_PHASE_STRIP = YES;
				ENABLE_NS_ASSERTIONS = NO;
				ENABLE_STRICT_OBJC_MSGSEND = YES;
				FRAMEWORK_SEARCH_PATHS = (
					"$(SDKROOT)/Developer/Library/Frameworks",
					"$(inherited)",
				);
				GCC_C_LANGUAGE_STANDARD = gnu99;
				GCC_WARN_64_TO_32_BIT_CONVERSION = YES;
				GCC_WARN_ABOUT_RETURN_TYPE = YES_ERROR;
				GCC_WARN_UNDECLARED_SELECTOR = YES;
				GCC_WARN_UNINITIALIZED_AUTOS = YES_AGGRESSIVE;
				GCC_WARN_UNUSED_FUNCTION = YES;
				GCC_WARN_UNUSED_VARIABLE = YES;
				INFOPLIST_FILE = iTunesSearchiOSTests/Info.plist;
				IPHONEOS_DEPLOYMENT_TARGET = 8.1;
				LD_RUNPATH_SEARCH_PATHS = "$(inherited) @executable_path/Frameworks @loader_path/Frameworks";
				MTL_ENABLE_DEBUG_INFO = NO;
				PRODUCT_NAME = "$(TARGET_NAME)";
				SDKROOT = iphoneos;
				VALIDATE_PRODUCT = YES;
			};
			name = Release;
		};
/* End XCBuildConfiguration section */

/* Begin XCConfigurationList section */
		4D3AB5E11A7FCE8D008339F4 /* Build configuration list for PBXProject "iTunesSearch" */ = {
			isa = XCConfigurationList;
			buildConfigurations = (
				4D3AB5E21A7FCE8D008339F4 /* Debug */,
				4D3AB5E31A7FCE8D008339F4 /* Release */,
			);
			defaultConfigurationIsVisible = 0;
			defaultConfigurationName = Release;
		};
		4D3AB67D1A7FD086008339F4 /* Build configuration list for PBXNativeTarget "iTunesSearchOSX" */ = {
			isa = XCConfigurationList;
			buildConfigurations = (
				4D3AB6791A7FD086008339F4 /* Debug */,
				4D3AB67A1A7FD086008339F4 /* Release */,
			);
			defaultConfigurationIsVisible = 0;
			defaultConfigurationName = Release;
		};
		4D3AB67E1A7FD086008339F4 /* Build configuration list for PBXNativeTarget "iTunesSearchOSXTests" */ = {
			isa = XCConfigurationList;
			buildConfigurations = (
				4D3AB67B1A7FD086008339F4 /* Debug */,
				4D3AB67C1A7FD086008339F4 /* Release */,
			);
			defaultConfigurationIsVisible = 0;
			defaultConfigurationName = Release;
		};
		4DAF7C951A7FDA52003DCE48 /* Build configuration list for PBXNativeTarget "iTunesSearchiOS" */ = {
			isa = XCConfigurationList;
			buildConfigurations = (
				4DAF7C961A7FDA52003DCE48 /* Debug */,
				4DAF7C971A7FDA52003DCE48 /* Release */,
			);
			defaultConfigurationIsVisible = 0;
			defaultConfigurationName = Release;
		};
		4DAF7C981A7FDA52003DCE48 /* Build configuration list for PBXNativeTarget "iTunesSearchiOSTests" */ = {
			isa = XCConfigurationList;
			buildConfigurations = (
				4DAF7C991A7FDA52003DCE48 /* Debug */,
				4DAF7C9A1A7FDA52003DCE48 /* Release */,
			);
			defaultConfigurationIsVisible = 0;
			defaultConfigurationName = Release;
		};
/* End XCConfigurationList section */
	};
	rootObject = 4D3AB5DE1A7FCE8D008339F4 /* Project object */;
}
