// !$*UTF8*$!
{
	archiveVersion = 1;
	classes = {
	};
	objectVersion = 46;
	objects = {

/* Begin PBXBuildFile section */
		4D2E8E681A9EA5D30034C672 /* Pods-OSX.debug.xcconfig in Resources */ = {isa = PBXBuildFile; fileRef = 4D2E8E661A9EA5D30034C672 /* Pods-OSX.debug.xcconfig */; };
		4D2E8E691A9EA5D30034C672 /* Pods-OSX.release.xcconfig in Resources */ = {isa = PBXBuildFile; fileRef = 4D2E8E671A9EA5D30034C672 /* Pods-OSX.release.xcconfig */; };
		4D2E8E941A9F70650034C672 /* Pods_iOS.framework in Frameworks */ = {isa = PBXBuildFile; fileRef = 4D2E8E931A9F70650034C672 /* Pods_iOS.framework */; };
		4D3AB62D1A7FD071008339F4 /* PodSplitterOSX.h in Headers */ = {isa = PBXBuildFile; fileRef = 4D3AB62C1A7FD071008339F4 /* PodSplitterOSX.h */; settings = {ATTRIBUTES = (Public, ); }; };
		4D3AB6331A7FD071008339F4 /* PodSplitterOSX.framework in Frameworks */ = {isa = PBXBuildFile; fileRef = 4D3AB6271A7FD070008339F4 /* PodSplitterOSX.framework */; };
		4D3AB63A1A7FD071008339F4 /* PodSplitterOSXTests.swift in Sources */ = {isa = PBXBuildFile; fileRef = 4D3AB6391A7FD071008339F4 /* PodSplitterOSXTests.swift */; };
		4D3AB6C51A7FD0A2008339F4 /* PodSplitteriOS.h in Headers */ = {isa = PBXBuildFile; fileRef = 4D3AB6C41A7FD0A2008339F4 /* PodSplitteriOS.h */; settings = {ATTRIBUTES = (Public, ); }; };
		4DAF7CC51A7FDBB9003DCE48 /* Enclosure.swift in Sources */ = {isa = PBXBuildFile; fileRef = 4DAF7CBF1A7FDBB9003DCE48 /* Enclosure.swift */; };
		4DAF7CC61A7FDBB9003DCE48 /* Enclosure.swift in Sources */ = {isa = PBXBuildFile; fileRef = 4DAF7CBF1A7FDBB9003DCE48 /* Enclosure.swift */; };
		4DAF7CC71A7FDBB9003DCE48 /* Episode.swift in Sources */ = {isa = PBXBuildFile; fileRef = 4DAF7CC01A7FDBB9003DCE48 /* Episode.swift */; };
		4DAF7CC81A7FDBB9003DCE48 /* Episode.swift in Sources */ = {isa = PBXBuildFile; fileRef = 4DAF7CC01A7FDBB9003DCE48 /* Episode.swift */; };
		4DAF7CC91A7FDBB9003DCE48 /* Podcast.swift in Sources */ = {isa = PBXBuildFile; fileRef = 4DAF7CC11A7FDBB9003DCE48 /* Podcast.swift */; };
		4DAF7CCA1A7FDBB9003DCE48 /* Podcast.swift in Sources */ = {isa = PBXBuildFile; fileRef = 4DAF7CC11A7FDBB9003DCE48 /* Podcast.swift */; };
		4DAF7CCB1A7FDBB9003DCE48 /* PodSplitter.h in Headers */ = {isa = PBXBuildFile; fileRef = 4DAF7CC21A7FDBB9003DCE48 /* PodSplitter.h */; };
		4DAF7CCC1A7FDBB9003DCE48 /* PodSplitter.h in Headers */ = {isa = PBXBuildFile; fileRef = 4DAF7CC21A7FDBB9003DCE48 /* PodSplitter.h */; };
		4DAF7CCD1A7FDBB9003DCE48 /* PodSplitter.swift in Sources */ = {isa = PBXBuildFile; fileRef = 4DAF7CC31A7FDBB9003DCE48 /* PodSplitter.swift */; };
		4DAF7CCE1A7FDBB9003DCE48 /* PodSplitter.swift in Sources */ = {isa = PBXBuildFile; fileRef = 4DAF7CC31A7FDBB9003DCE48 /* PodSplitter.swift */; };
		4DAF7CCF1A7FDBB9003DCE48 /* SWXMLHash.swift in Sources */ = {isa = PBXBuildFile; fileRef = 4DAF7CC41A7FDBB9003DCE48 /* SWXMLHash.swift */; };
		4DAF7CD01A7FDBB9003DCE48 /* SWXMLHash.swift in Sources */ = {isa = PBXBuildFile; fileRef = 4DAF7CC41A7FDBB9003DCE48 /* SWXMLHash.swift */; };
/* End PBXBuildFile section */

/* Begin PBXContainerItemProxy section */
		4D3AB6341A7FD071008339F4 /* PBXContainerItemProxy */ = {
			isa = PBXContainerItemProxy;
			containerPortal = 4D3AB5D01A7FCE75008339F4 /* Project object */;
			proxyType = 1;
			remoteGlobalIDString = 4D3AB6261A7FD070008339F4;
			remoteInfo = PodSplitterOSX;
		};
/* End PBXContainerItemProxy section */

/* Begin PBXFileReference section */
		4D2E8E661A9EA5D30034C672 /* Pods-OSX.debug.xcconfig */ = {isa = PBXFileReference; fileEncoding = 4; lastKnownFileType = text.xcconfig; name = "Pods-OSX.debug.xcconfig"; path = "/Users/mark/Projects/podlab/OSXApp/../Pods/Target Support Files/Pods-OSX/Pods-OSX.debug.xcconfig"; sourceTree = "<absolute>"; };
		4D2E8E671A9EA5D30034C672 /* Pods-OSX.release.xcconfig */ = {isa = PBXFileReference; fileEncoding = 4; lastKnownFileType = text.xcconfig; name = "Pods-OSX.release.xcconfig"; path = "/Users/mark/Projects/podlab/OSXApp/../Pods/Target Support Files/Pods-OSX/Pods-OSX.release.xcconfig"; sourceTree = "<absolute>"; };
		4D2E8E701A9EA5F00034C672 /* Pods-iOS.debug.xcconfig */ = {isa = PBXFileReference; fileEncoding = 4; lastKnownFileType = text.xcconfig; name = "Pods-iOS.debug.xcconfig"; path = "/Users/mark/Projects/podlab/iOSApp/../Pods/Target Support Files/Pods-iOS/Pods-iOS.debug.xcconfig"; sourceTree = "<absolute>"; };
		4D2E8E711A9EA5F00034C672 /* Pods-iOS.release.xcconfig */ = {isa = PBXFileReference; fileEncoding = 4; lastKnownFileType = text.xcconfig; name = "Pods-iOS.release.xcconfig"; path = "/Users/mark/Projects/podlab/iOSApp/../Pods/Target Support Files/Pods-iOS/Pods-iOS.release.xcconfig"; sourceTree = "<absolute>"; };
		4D2E8E931A9F70650034C672 /* Pods_iOS.framework */ = {isa = PBXFileReference; lastKnownFileType = wrapper.framework; name = Pods_iOS.framework; path = "/Users/mark/Projects/podlab/Pods/../build/Debug-iphoneos/Pods_iOS.framework"; sourceTree = "<absolute>"; };
		4D3AB6271A7FD070008339F4 /* PodSplitterOSX.framework */ = {isa = PBXFileReference; explicitFileType = wrapper.framework; includeInIndex = 0; path = PodSplitterOSX.framework; sourceTree = BUILT_PRODUCTS_DIR; };
		4D3AB62B1A7FD071008339F4 /* Info.plist */ = {isa = PBXFileReference; lastKnownFileType = text.plist.xml; path = Info.plist; sourceTree = "<group>"; };
		4D3AB62C1A7FD071008339F4 /* PodSplitterOSX.h */ = {isa = PBXFileReference; lastKnownFileType = sourcecode.c.h; path = PodSplitterOSX.h; sourceTree = "<group>"; };
		4D3AB6321A7FD071008339F4 /* PodSplitterOSXTests.xctest */ = {isa = PBXFileReference; explicitFileType = wrapper.cfbundle; includeInIndex = 0; path = PodSplitterOSXTests.xctest; sourceTree = BUILT_PRODUCTS_DIR; };
		4D3AB6381A7FD071008339F4 /* Info.plist */ = {isa = PBXFileReference; lastKnownFileType = text.plist.xml; path = Info.plist; sourceTree = "<group>"; };
		4D3AB6391A7FD071008339F4 /* PodSplitterOSXTests.swift */ = {isa = PBXFileReference; lastKnownFileType = sourcecode.swift; path = PodSplitterOSXTests.swift; sourceTree = "<group>"; };
		4D3AB6C01A7FD0A2008339F4 /* PodSplitteriOS.framework */ = {isa = PBXFileReference; explicitFileType = wrapper.framework; includeInIndex = 0; path = PodSplitteriOS.framework; sourceTree = BUILT_PRODUCTS_DIR; };
		4D3AB6C31A7FD0A2008339F4 /* Info.plist */ = {isa = PBXFileReference; lastKnownFileType = text.plist.xml; path = Info.plist; sourceTree = "<group>"; };
		4D3AB6C41A7FD0A2008339F4 /* PodSplitteriOS.h */ = {isa = PBXFileReference; lastKnownFileType = sourcecode.c.h; path = PodSplitteriOS.h; sourceTree = "<group>"; };
		4DAF7CBF1A7FDBB9003DCE48 /* Enclosure.swift */ = {isa = PBXFileReference; fileEncoding = 4; lastKnownFileType = sourcecode.swift; path = Enclosure.swift; sourceTree = "<group>"; };
		4DAF7CC01A7FDBB9003DCE48 /* Episode.swift */ = {isa = PBXFileReference; fileEncoding = 4; lastKnownFileType = sourcecode.swift; path = Episode.swift; sourceTree = "<group>"; };
		4DAF7CC11A7FDBB9003DCE48 /* Podcast.swift */ = {isa = PBXFileReference; fileEncoding = 4; lastKnownFileType = sourcecode.swift; path = Podcast.swift; sourceTree = "<group>"; };
		4DAF7CC21A7FDBB9003DCE48 /* PodSplitter.h */ = {isa = PBXFileReference; fileEncoding = 4; lastKnownFileType = sourcecode.c.h; path = PodSplitter.h; sourceTree = "<group>"; };
		4DAF7CC31A7FDBB9003DCE48 /* PodSplitter.swift */ = {isa = PBXFileReference; fileEncoding = 4; lastKnownFileType = sourcecode.swift; path = PodSplitter.swift; sourceTree = "<group>"; };
		4DAF7CC41A7FDBB9003DCE48 /* SWXMLHash.swift */ = {isa = PBXFileReference; fileEncoding = 4; lastKnownFileType = sourcecode.swift; path = SWXMLHash.swift; sourceTree = "<group>"; };
/* End PBXFileReference section */

/* Begin PBXFrameworksBuildPhase section */
		4D3AB6231A7FD070008339F4 /* Frameworks */ = {
			isa = PBXFrameworksBuildPhase;
			buildActionMask = 2147483647;
			files = (
			);
			runOnlyForDeploymentPostprocessing = 0;
		};
		4D3AB62F1A7FD071008339F4 /* Frameworks */ = {
			isa = PBXFrameworksBuildPhase;
			buildActionMask = 2147483647;
			files = (
				4D3AB6331A7FD071008339F4 /* PodSplitterOSX.framework in Frameworks */,
			);
			runOnlyForDeploymentPostprocessing = 0;
		};
		4D3AB6BC1A7FD0A2008339F4 /* Frameworks */ = {
			isa = PBXFrameworksBuildPhase;
			buildActionMask = 2147483647;
			files = (
				4D2E8E941A9F70650034C672 /* Pods_iOS.framework in Frameworks */,
			);
			runOnlyForDeploymentPostprocessing = 0;
		};
/* End PBXFrameworksBuildPhase section */

/* Begin PBXGroup section */
		3428EEB7D1BAFE96714764FA /* Frameworks */ = {
			isa = PBXGroup;
			children = (
				4D2E8E931A9F70650034C672 /* Pods_iOS.framework */,
			);
			name = Frameworks;
			sourceTree = "<group>";
		};
		4D3AB5CF1A7FCE75008339F4 = {
			isa = PBXGroup;
			children = (
				4D3AB6D91A7FD0C2008339F4 /* PodSplitter */,
				4D3AB6291A7FD071008339F4 /* PodSplitterOSX */,
				4D3AB6361A7FD071008339F4 /* PodSplitterOSXTests */,
				4D3AB6C11A7FD0A2008339F4 /* PodSplitteriOS */,
				4D3AB6281A7FD070008339F4 /* Products */,
				66BF09D2A4963189BE7CAAF3 /* Pods */,
				3428EEB7D1BAFE96714764FA /* Frameworks */,
			);
			sourceTree = "<group>";
		};
		4D3AB6281A7FD070008339F4 /* Products */ = {
			isa = PBXGroup;
			children = (
				4D3AB6271A7FD070008339F4 /* PodSplitterOSX.framework */,
				4D3AB6321A7FD071008339F4 /* PodSplitterOSXTests.xctest */,
				4D3AB6C01A7FD0A2008339F4 /* PodSplitteriOS.framework */,
			);
			name = Products;
			sourceTree = "<group>";
		};
		4D3AB6291A7FD071008339F4 /* PodSplitterOSX */ = {
			isa = PBXGroup;
			children = (
				4D3AB62C1A7FD071008339F4 /* PodSplitterOSX.h */,
				4D3AB62A1A7FD071008339F4 /* Supporting Files */,
			);
			path = PodSplitterOSX;
			sourceTree = "<group>";
		};
		4D3AB62A1A7FD071008339F4 /* Supporting Files */ = {
			isa = PBXGroup;
			children = (
				4D3AB62B1A7FD071008339F4 /* Info.plist */,
			);
			name = "Supporting Files";
			sourceTree = "<group>";
		};
		4D3AB6361A7FD071008339F4 /* PodSplitterOSXTests */ = {
			isa = PBXGroup;
			children = (
				4D3AB6391A7FD071008339F4 /* PodSplitterOSXTests.swift */,
				4D3AB6371A7FD071008339F4 /* Supporting Files */,
			);
			path = PodSplitterOSXTests;
			sourceTree = "<group>";
		};
		4D3AB6371A7FD071008339F4 /* Supporting Files */ = {
			isa = PBXGroup;
			children = (
				4D3AB6381A7FD071008339F4 /* Info.plist */,
			);
			name = "Supporting Files";
			sourceTree = "<group>";
		};
		4D3AB6C11A7FD0A2008339F4 /* PodSplitteriOS */ = {
			isa = PBXGroup;
			children = (
				4D3AB6C41A7FD0A2008339F4 /* PodSplitteriOS.h */,
				4D3AB6C21A7FD0A2008339F4 /* Supporting Files */,
			);
			path = PodSplitteriOS;
			sourceTree = "<group>";
		};
		4D3AB6C21A7FD0A2008339F4 /* Supporting Files */ = {
			isa = PBXGroup;
			children = (
				4D3AB6C31A7FD0A2008339F4 /* Info.plist */,
			);
			name = "Supporting Files";
			sourceTree = "<group>";
		};
		4D3AB6D91A7FD0C2008339F4 /* PodSplitter */ = {
			isa = PBXGroup;
			children = (
				4DAF7CBF1A7FDBB9003DCE48 /* Enclosure.swift */,
				4DAF7CC01A7FDBB9003DCE48 /* Episode.swift */,
				4DAF7CC11A7FDBB9003DCE48 /* Podcast.swift */,
				4DAF7CC21A7FDBB9003DCE48 /* PodSplitter.h */,
				4DAF7CC31A7FDBB9003DCE48 /* PodSplitter.swift */,
				4DAF7CC41A7FDBB9003DCE48 /* SWXMLHash.swift */,
			);
			path = PodSplitter;
			sourceTree = "<group>";
		};
		66BF09D2A4963189BE7CAAF3 /* Pods */ = {
			isa = PBXGroup;
			children = (
				4D2E8E701A9EA5F00034C672 /* Pods-iOS.debug.xcconfig */,
				4D2E8E711A9EA5F00034C672 /* Pods-iOS.release.xcconfig */,
				4D2E8E661A9EA5D30034C672 /* Pods-OSX.debug.xcconfig */,
				4D2E8E671A9EA5D30034C672 /* Pods-OSX.release.xcconfig */,
			);
			name = Pods;
			sourceTree = "<group>";
		};
/* End PBXGroup section */

/* Begin PBXHeadersBuildPhase section */
		4D3AB6241A7FD070008339F4 /* Headers */ = {
			isa = PBXHeadersBuildPhase;
			buildActionMask = 2147483647;
			files = (
				4D3AB62D1A7FD071008339F4 /* PodSplitterOSX.h in Headers */,
				4DAF7CCB1A7FDBB9003DCE48 /* PodSplitter.h in Headers */,
			);
			runOnlyForDeploymentPostprocessing = 0;
		};
		4D3AB6BD1A7FD0A2008339F4 /* Headers */ = {
			isa = PBXHeadersBuildPhase;
			buildActionMask = 2147483647;
			files = (
				4D3AB6C51A7FD0A2008339F4 /* PodSplitteriOS.h in Headers */,
				4DAF7CCC1A7FDBB9003DCE48 /* PodSplitter.h in Headers */,
			);
			runOnlyForDeploymentPostprocessing = 0;
		};
/* End PBXHeadersBuildPhase section */

/* Begin PBXNativeTarget section */
		4D3AB6261A7FD070008339F4 /* PodSplitterOSX */ = {
			isa = PBXNativeTarget;
			buildConfigurationList = 4D3AB63F1A7FD071008339F4 /* Build configuration list for PBXNativeTarget "PodSplitterOSX" */;
			buildPhases = (
				207CBC2AEAA030A76BA1C9A1 /* Check Pods Manifest.lock */,
				4D3AB6221A7FD070008339F4 /* Sources */,
				4D3AB6231A7FD070008339F4 /* Frameworks */,
				4D3AB6241A7FD070008339F4 /* Headers */,
				4D3AB6251A7FD070008339F4 /* Resources */,
				A638FDF0286C0A8B98BD193D /* Embed Pods Frameworks */,
				4B072372720F82299BD04743 /* Copy Pods Resources */,
			);
			buildRules = (
			);
			dependencies = (
			);
			name = PodSplitterOSX;
			productName = PodSplitterOSX;
			productReference = 4D3AB6271A7FD070008339F4 /* PodSplitterOSX.framework */;
			productType = "com.apple.product-type.framework";
		};
		4D3AB6311A7FD071008339F4 /* PodSplitterOSXTests */ = {
			isa = PBXNativeTarget;
			buildConfigurationList = 4D3AB6401A7FD071008339F4 /* Build configuration list for PBXNativeTarget "PodSplitterOSXTests" */;
			buildPhases = (
				4D3AB62E1A7FD071008339F4 /* Sources */,
				4D3AB62F1A7FD071008339F4 /* Frameworks */,
				4D3AB6301A7FD071008339F4 /* Resources */,
			);
			buildRules = (
			);
			dependencies = (
				4D3AB6351A7FD071008339F4 /* PBXTargetDependency */,
			);
			name = PodSplitterOSXTests;
			productName = PodSplitterOSXTests;
			productReference = 4D3AB6321A7FD071008339F4 /* PodSplitterOSXTests.xctest */;
			productType = "com.apple.product-type.bundle.unit-test";
		};
		4D3AB6BF1A7FD0A2008339F4 /* PodSplitteriOS */ = {
			isa = PBXNativeTarget;
			buildConfigurationList = 4D3AB6D31A7FD0A2008339F4 /* Build configuration list for PBXNativeTarget "PodSplitteriOS" */;
			buildPhases = (
				5D6FAABDB917EAD3C45AEAA8 /* Check Pods Manifest.lock */,
				4D3AB6BB1A7FD0A2008339F4 /* Sources */,
				4D3AB6BC1A7FD0A2008339F4 /* Frameworks */,
				4D3AB6BD1A7FD0A2008339F4 /* Headers */,
				4D3AB6BE1A7FD0A2008339F4 /* Resources */,
				D8C4C7314E9F26AA38E8FFB0 /* Embed Pods Frameworks */,
				728DD0B9992444C34F7D10D4 /* Copy Pods Resources */,
			);
			buildRules = (
			);
			dependencies = (
			);
			name = PodSplitteriOS;
			productName = PodSplitteriOS;
			productReference = 4D3AB6C01A7FD0A2008339F4 /* PodSplitteriOS.framework */;
			productType = "com.apple.product-type.framework";
		};
/* End PBXNativeTarget section */

/* Begin PBXProject section */
		4D3AB5D01A7FCE75008339F4 /* Project object */ = {
			isa = PBXProject;
			attributes = {
				LastUpgradeCheck = 0610;
				TargetAttributes = {
					4D3AB6261A7FD070008339F4 = {
						CreatedOnToolsVersion = 6.1.1;
					};
					4D3AB6311A7FD071008339F4 = {
						CreatedOnToolsVersion = 6.1.1;
					};
					4D3AB6BF1A7FD0A2008339F4 = {
						CreatedOnToolsVersion = 6.1.1;
					};
				};
			};
			buildConfigurationList = 4D3AB5D31A7FCE75008339F4 /* Build configuration list for PBXProject "PodSplitter" */;
			compatibilityVersion = "Xcode 3.2";
			developmentRegion = English;
			hasScannedForEncodings = 0;
			knownRegions = (
				en,
			);
			mainGroup = 4D3AB5CF1A7FCE75008339F4;
			productRefGroup = 4D3AB6281A7FD070008339F4 /* Products */;
			projectDirPath = "";
			projectRoot = "";
			targets = (
				4D3AB6261A7FD070008339F4 /* PodSplitterOSX */,
				4D3AB6311A7FD071008339F4 /* PodSplitterOSXTests */,
				4D3AB6BF1A7FD0A2008339F4 /* PodSplitteriOS */,
			);
		};
/* End PBXProject section */

/* Begin PBXResourcesBuildPhase section */
		4D3AB6251A7FD070008339F4 /* Resources */ = {
			isa = PBXResourcesBuildPhase;
			buildActionMask = 2147483647;
			files = (
				4D2E8E691A9EA5D30034C672 /* Pods-OSX.release.xcconfig in Resources */,
				4D2E8E681A9EA5D30034C672 /* Pods-OSX.debug.xcconfig in Resources */,
			);
			runOnlyForDeploymentPostprocessing = 0;
		};
		4D3AB6301A7FD071008339F4 /* Resources */ = {
			isa = PBXResourcesBuildPhase;
			buildActionMask = 2147483647;
			files = (
			);
			runOnlyForDeploymentPostprocessing = 0;
		};
		4D3AB6BE1A7FD0A2008339F4 /* Resources */ = {
			isa = PBXResourcesBuildPhase;
			buildActionMask = 2147483647;
			files = (
			);
			runOnlyForDeploymentPostprocessing = 0;
		};
/* End PBXResourcesBuildPhase section */

/* Begin PBXShellScriptBuildPhase section */
		207CBC2AEAA030A76BA1C9A1 /* Check Pods Manifest.lock */ = {
			isa = PBXShellScriptBuildPhase;
			buildActionMask = 2147483647;
			files = (
			);
			inputPaths = (
			);
			name = "Check Pods Manifest.lock";
			outputPaths = (
			);
			runOnlyForDeploymentPostprocessing = 0;
			shellPath = /bin/sh;
			shellScript = "diff \"${PODS_ROOT}/../Podfile.lock\" \"${PODS_ROOT}/Manifest.lock\" > /dev/null\nif [[ $? != 0 ]] ; then\n    cat << EOM\nerror: The sandbox is not in sync with the Podfile.lock. Run 'pod install' or update your CocoaPods installation.\nEOM\n    exit 1\nfi\n";
			showEnvVarsInLog = 0;
		};
		4B072372720F82299BD04743 /* Copy Pods Resources */ = {
			isa = PBXShellScriptBuildPhase;
			buildActionMask = 2147483647;
			files = (
			);
			inputPaths = (
			);
			name = "Copy Pods Resources";
			outputPaths = (
			);
			runOnlyForDeploymentPostprocessing = 0;
			shellPath = /bin/sh;
			shellScript = "\"${SRCROOT}/../Pods/Target Support Files/Pods-OSX/Pods-OSX-resources.sh\"\n";
			showEnvVarsInLog = 0;
		};
		5D6FAABDB917EAD3C45AEAA8 /* Check Pods Manifest.lock */ = {
			isa = PBXShellScriptBuildPhase;
			buildActionMask = 2147483647;
			files = (
			);
			inputPaths = (
			);
			name = "Check Pods Manifest.lock";
			outputPaths = (
			);
			runOnlyForDeploymentPostprocessing = 0;
			shellPath = /bin/sh;
			shellScript = "diff \"${PODS_ROOT}/../Podfile.lock\" \"${PODS_ROOT}/Manifest.lock\" > /dev/null\nif [[ $? != 0 ]] ; then\n    cat << EOM\nerror: The sandbox is not in sync with the Podfile.lock. Run 'pod install' or update your CocoaPods installation.\nEOM\n    exit 1\nfi\n";
			showEnvVarsInLog = 0;
		};
		728DD0B9992444C34F7D10D4 /* Copy Pods Resources */ = {
			isa = PBXShellScriptBuildPhase;
			buildActionMask = 2147483647;
			files = (
			);
			inputPaths = (
			);
			name = "Copy Pods Resources";
			outputPaths = (
			);
			runOnlyForDeploymentPostprocessing = 0;
			shellPath = /bin/sh;
			shellScript = "\"${SRCROOT}/../Pods/Target Support Files/Pods-iOS/Pods-iOS-resources.sh\"\n";
			showEnvVarsInLog = 0;
		};
		A638FDF0286C0A8B98BD193D /* Embed Pods Frameworks */ = {
			isa = PBXShellScriptBuildPhase;
			buildActionMask = 2147483647;
			files = (
			);
			inputPaths = (
			);
			name = "Embed Pods Frameworks";
			outputPaths = (
			);
			runOnlyForDeploymentPostprocessing = 0;
			shellPath = /bin/sh;
			shellScript = "\"${SRCROOT}/../Pods/Target Support Files/Pods-OSX/Pods-OSX-frameworks.sh\"\n";
			showEnvVarsInLog = 0;
		};
		D8C4C7314E9F26AA38E8FFB0 /* Embed Pods Frameworks */ = {
			isa = PBXShellScriptBuildPhase;
			buildActionMask = 2147483647;
			files = (
			);
			inputPaths = (
			);
			name = "Embed Pods Frameworks";
			outputPaths = (
			);
			runOnlyForDeploymentPostprocessing = 0;
			shellPath = /bin/sh;
			shellScript = "\"${SRCROOT}/../Pods/Target Support Files/Pods-iOS/Pods-iOS-frameworks.sh\"\n";
			showEnvVarsInLog = 0;
		};
/* End PBXShellScriptBuildPhase section */

/* Begin PBXSourcesBuildPhase section */
		4D3AB6221A7FD070008339F4 /* Sources */ = {
			isa = PBXSourcesBuildPhase;
			buildActionMask = 2147483647;
			files = (
				4DAF7CC51A7FDBB9003DCE48 /* Enclosure.swift in Sources */,
				4DAF7CC71A7FDBB9003DCE48 /* Episode.swift in Sources */,
				4DAF7CCD1A7FDBB9003DCE48 /* PodSplitter.swift in Sources */,
				4DAF7CCF1A7FDBB9003DCE48 /* SWXMLHash.swift in Sources */,
				4DAF7CC91A7FDBB9003DCE48 /* Podcast.swift in Sources */,
			);
			runOnlyForDeploymentPostprocessing = 0;
		};
		4D3AB62E1A7FD071008339F4 /* Sources */ = {
			isa = PBXSourcesBuildPhase;
			buildActionMask = 2147483647;
			files = (
				4D3AB63A1A7FD071008339F4 /* PodSplitterOSXTests.swift in Sources */,
			);
			runOnlyForDeploymentPostprocessing = 0;
		};
		4D3AB6BB1A7FD0A2008339F4 /* Sources */ = {
			isa = PBXSourcesBuildPhase;
			buildActionMask = 2147483647;
			files = (
				4DAF7CC61A7FDBB9003DCE48 /* Enclosure.swift in Sources */,
				4DAF7CC81A7FDBB9003DCE48 /* Episode.swift in Sources */,
				4DAF7CCE1A7FDBB9003DCE48 /* PodSplitter.swift in Sources */,
				4DAF7CD01A7FDBB9003DCE48 /* SWXMLHash.swift in Sources */,
				4DAF7CCA1A7FDBB9003DCE48 /* Podcast.swift in Sources */,
			);
			runOnlyForDeploymentPostprocessing = 0;
		};
/* End PBXSourcesBuildPhase section */

/* Begin PBXTargetDependency section */
		4D3AB6351A7FD071008339F4 /* PBXTargetDependency */ = {
			isa = PBXTargetDependency;
			target = 4D3AB6261A7FD070008339F4 /* PodSplitterOSX */;
			targetProxy = 4D3AB6341A7FD071008339F4 /* PBXContainerItemProxy */;
		};
/* End PBXTargetDependency section */

/* Begin XCBuildConfiguration section */
		4D3AB5D41A7FCE75008339F4 /* Debug */ = {
			isa = XCBuildConfiguration;
			buildSettings = {
				SWIFT_INSTALL_OBJC_HEADER = NO;
			};
			name = Debug;
		};
		4D3AB5D51A7FCE75008339F4 /* Release */ = {
			isa = XCBuildConfiguration;
			buildSettings = {
				SWIFT_INSTALL_OBJC_HEADER = NO;
			};
			name = Release;
		};
		4D3AB63B1A7FD071008339F4 /* Debug */ = {
			isa = XCBuildConfiguration;
			baseConfigurationReference = 4D2E8E661A9EA5D30034C672 /* Pods-OSX.debug.xcconfig */;
			buildSettings = {
				ALWAYS_SEARCH_USER_PATHS = NO;
				CLANG_CXX_LANGUAGE_STANDARD = "gnu++0x";
				CLANG_CXX_LIBRARY = "libc++";
				CLANG_ENABLE_MODULES = YES;
				CLANG_ENABLE_OBJC_ARC = YES;
				CLANG_WARN_BOOL_CONVERSION = YES;
				CLANG_WARN_CONSTANT_CONVERSION = YES;
				CLANG_WARN_DIRECT_OBJC_ISA_USAGE = YES_ERROR;
				CLANG_WARN_EMPTY_BODY = YES;
				CLANG_WARN_ENUM_CONVERSION = YES;
				CLANG_WARN_INT_CONVERSION = YES;
				CLANG_WARN_OBJC_ROOT_CLASS = YES_ERROR;
				CLANG_WARN_UNREACHABLE_CODE = YES;
				CLANG_WARN__DUPLICATE_METHOD_MATCH = YES;
				COMBINE_HIDPI_IMAGES = YES;
				COPY_PHASE_STRIP = NO;
				CURRENT_PROJECT_VERSION = 1;
				DEFINES_MODULE = YES;
				DYLIB_COMPATIBILITY_VERSION = 1;
				DYLIB_CURRENT_VERSION = 1;
				DYLIB_INSTALL_NAME_BASE = "@rpath";
				ENABLE_STRICT_OBJC_MSGSEND = YES;
				FRAMEWORK_SEARCH_PATHS = (
					"$(inherited)",
					"$(USER_LIBRARY_DIR)/Developer/Xcode/DerivedData/PodLab-avqqmofnvtlxcwhagvlqixnnlfji/Build/Products/Debug",
				);
				FRAMEWORK_VERSION = A;
				GCC_C_LANGUAGE_STANDARD = gnu99;
				GCC_DYNAMIC_NO_PIC = NO;
				GCC_OPTIMIZATION_LEVEL = 0;
				GCC_PREPROCESSOR_DEFINITIONS = (
					"DEBUG=1",
					"$(inherited)",
				);
				GCC_SYMBOLS_PRIVATE_EXTERN = NO;
				GCC_WARN_64_TO_32_BIT_CONVERSION = YES;
				GCC_WARN_ABOUT_RETURN_TYPE = YES_ERROR;
				GCC_WARN_UNDECLARED_SELECTOR = YES;
				GCC_WARN_UNINITIALIZED_AUTOS = YES_AGGRESSIVE;
				GCC_WARN_UNUSED_FUNCTION = YES;
				GCC_WARN_UNUSED_VARIABLE = YES;
				INFOPLIST_FILE = PodSplitterOSX/Info.plist;
				INSTALL_PATH = "$(LOCAL_LIBRARY_DIR)/Frameworks";
				LD_RUNPATH_SEARCH_PATHS = "$(inherited) @executable_path/../Frameworks @loader_path/Frameworks";
				MACOSX_DEPLOYMENT_TARGET = 10.10;
				MTL_ENABLE_DEBUG_INFO = YES;
				ONLY_ACTIVE_ARCH = YES;
				PRODUCT_NAME = "$(TARGET_NAME)";
				SDKROOT = macosx;
				SKIP_INSTALL = YES;
				SWIFT_OPTIMIZATION_LEVEL = "-Onone";
				VERSIONING_SYSTEM = "apple-generic";
				VERSION_INFO_PREFIX = "";
			};
			name = Debug;
		};
		4D3AB63C1A7FD071008339F4 /* Release */ = {
			isa = XCBuildConfiguration;
			baseConfigurationReference = 4D2E8E671A9EA5D30034C672 /* Pods-OSX.release.xcconfig */;
			buildSettings = {
				ALWAYS_SEARCH_USER_PATHS = NO;
				CLANG_CXX_LANGUAGE_STANDARD = "gnu++0x";
				CLANG_CXX_LIBRARY = "libc++";
				CLANG_ENABLE_MODULES = YES;
				CLANG_ENABLE_OBJC_ARC = YES;
				CLANG_WARN_BOOL_CONVERSION = YES;
				CLANG_WARN_CONSTANT_CONVERSION = YES;
				CLANG_WARN_DIRECT_OBJC_ISA_USAGE = YES_ERROR;
				CLANG_WARN_EMPTY_BODY = YES;
				CLANG_WARN_ENUM_CONVERSION = YES;
				CLANG_WARN_INT_CONVERSION = YES;
				CLANG_WARN_OBJC_ROOT_CLASS = YES_ERROR;
				CLANG_WARN_UNREACHABLE_CODE = YES;
				CLANG_WARN__DUPLICATE_METHOD_MATCH = YES;
				COMBINE_HIDPI_IMAGES = YES;
				COPY_PHASE_STRIP = YES;
				CURRENT_PROJECT_VERSION = 1;
				DEBUG_INFORMATION_FORMAT = "dwarf-with-dsym";
				DEFINES_MODULE = YES;
				DYLIB_COMPATIBILITY_VERSION = 1;
				DYLIB_CURRENT_VERSION = 1;
				DYLIB_INSTALL_NAME_BASE = "@rpath";
				ENABLE_NS_ASSERTIONS = NO;
				ENABLE_STRICT_OBJC_MSGSEND = YES;
				FRAMEWORK_SEARCH_PATHS = (
					"$(inherited)",
					"$(USER_LIBRARY_DIR)/Developer/Xcode/DerivedData/PodLab-avqqmofnvtlxcwhagvlqixnnlfji/Build/Products/Debug",
				);
				FRAMEWORK_VERSION = A;
				GCC_C_LANGUAGE_STANDARD = gnu99;
				GCC_WARN_64_TO_32_BIT_CONVERSION = YES;
				GCC_WARN_ABOUT_RETURN_TYPE = YES_ERROR;
				GCC_WARN_UNDECLARED_SELECTOR = YES;
				GCC_WARN_UNINITIALIZED_AUTOS = YES_AGGRESSIVE;
				GCC_WARN_UNUSED_FUNCTION = YES;
				GCC_WARN_UNUSED_VARIABLE = YES;
				INFOPLIST_FILE = PodSplitterOSX/Info.plist;
				INSTALL_PATH = "$(LOCAL_LIBRARY_DIR)/Frameworks";
				LD_RUNPATH_SEARCH_PATHS = "$(inherited) @executable_path/../Frameworks @loader_path/Frameworks";
				MACOSX_DEPLOYMENT_TARGET = 10.10;
				MTL_ENABLE_DEBUG_INFO = NO;
				PRODUCT_NAME = "$(TARGET_NAME)";
				SDKROOT = macosx;
				SKIP_INSTALL = YES;
				VERSIONING_SYSTEM = "apple-generic";
				VERSION_INFO_PREFIX = "";
			};
			name = Release;
		};
		4D3AB63D1A7FD071008339F4 /* Debug */ = {
			isa = XCBuildConfiguration;
			buildSettings = {
				ALWAYS_SEARCH_USER_PATHS = NO;
				CLANG_CXX_LANGUAGE_STANDARD = "gnu++0x";
				CLANG_CXX_LIBRARY = "libc++";
				CLANG_ENABLE_MODULES = YES;
				CLANG_ENABLE_OBJC_ARC = YES;
				CLANG_WARN_BOOL_CONVERSION = YES;
				CLANG_WARN_CONSTANT_CONVERSION = YES;
				CLANG_WARN_DIRECT_OBJC_ISA_USAGE = YES_ERROR;
				CLANG_WARN_EMPTY_BODY = YES;
				CLANG_WARN_ENUM_CONVERSION = YES;
				CLANG_WARN_INT_CONVERSION = YES;
				CLANG_WARN_OBJC_ROOT_CLASS = YES_ERROR;
				CLANG_WARN_UNREACHABLE_CODE = YES;
				CLANG_WARN__DUPLICATE_METHOD_MATCH = YES;
				COMBINE_HIDPI_IMAGES = YES;
				COPY_PHASE_STRIP = NO;
				ENABLE_STRICT_OBJC_MSGSEND = YES;
				FRAMEWORK_SEARCH_PATHS = (
					"$(DEVELOPER_FRAMEWORKS_DIR)",
					"$(inherited)",
				);
				GCC_C_LANGUAGE_STANDARD = gnu99;
				GCC_DYNAMIC_NO_PIC = NO;
				GCC_OPTIMIZATION_LEVEL = 0;
				GCC_PREPROCESSOR_DEFINITIONS = (
					"DEBUG=1",
					"$(inherited)",
				);
				GCC_SYMBOLS_PRIVATE_EXTERN = NO;
				GCC_WARN_64_TO_32_BIT_CONVERSION = YES;
				GCC_WARN_ABOUT_RETURN_TYPE = YES_ERROR;
				GCC_WARN_UNDECLARED_SELECTOR = YES;
				GCC_WARN_UNINITIALIZED_AUTOS = YES_AGGRESSIVE;
				GCC_WARN_UNUSED_FUNCTION = YES;
				GCC_WARN_UNUSED_VARIABLE = YES;
				INFOPLIST_FILE = PodSplitterOSXTests/Info.plist;
				LD_RUNPATH_SEARCH_PATHS = "$(inherited) @executable_path/../Frameworks @loader_path/../Frameworks";
				MACOSX_DEPLOYMENT_TARGET = 10.10;
				MTL_ENABLE_DEBUG_INFO = YES;
				ONLY_ACTIVE_ARCH = YES;
				PRODUCT_NAME = "$(TARGET_NAME)";
				SDKROOT = macosx;
			};
			name = Debug;
		};
		4D3AB63E1A7FD071008339F4 /* Release */ = {
			isa = XCBuildConfiguration;
			buildSettings = {
				ALWAYS_SEARCH_USER_PATHS = NO;
				CLANG_CXX_LANGUAGE_STANDARD = "gnu++0x";
				CLANG_CXX_LIBRARY = "libc++";
				CLANG_ENABLE_MODULES = YES;
				CLANG_ENABLE_OBJC_ARC = YES;
				CLANG_WARN_BOOL_CONVERSION = YES;
				CLANG_WARN_CONSTANT_CONVERSION = YES;
				CLANG_WARN_DIRECT_OBJC_ISA_USAGE = YES_ERROR;
				CLANG_WARN_EMPTY_BODY = YES;
				CLANG_WARN_ENUM_CONVERSION = YES;
				CLANG_WARN_INT_CONVERSION = YES;
				CLANG_WARN_OBJC_ROOT_CLASS = YES_ERROR;
				CLANG_WARN_UNREACHABLE_CODE = YES;
				CLANG_WARN__DUPLICATE_METHOD_MATCH = YES;
				COMBINE_HIDPI_IMAGES = YES;
				COPY_PHASE_STRIP = YES;
				DEBUG_INFORMATION_FORMAT = "dwarf-with-dsym";
				ENABLE_NS_ASSERTIONS = NO;
				ENABLE_STRICT_OBJC_MSGSEND = YES;
				FRAMEWORK_SEARCH_PATHS = (
					"$(DEVELOPER_FRAMEWORKS_DIR)",
					"$(inherited)",
				);
				GCC_C_LANGUAGE_STANDARD = gnu99;
				GCC_WARN_64_TO_32_BIT_CONVERSION = YES;
				GCC_WARN_ABOUT_RETURN_TYPE = YES_ERROR;
				GCC_WARN_UNDECLARED_SELECTOR = YES;
				GCC_WARN_UNINITIALIZED_AUTOS = YES_AGGRESSIVE;
				GCC_WARN_UNUSED_FUNCTION = YES;
				GCC_WARN_UNUSED_VARIABLE = YES;
				INFOPLIST_FILE = PodSplitterOSXTests/Info.plist;
				LD_RUNPATH_SEARCH_PATHS = "$(inherited) @executable_path/../Frameworks @loader_path/../Frameworks";
				MACOSX_DEPLOYMENT_TARGET = 10.10;
				MTL_ENABLE_DEBUG_INFO = NO;
				PRODUCT_NAME = "$(TARGET_NAME)";
				SDKROOT = macosx;
			};
			name = Release;
		};
		4D3AB6D41A7FD0A2008339F4 /* Debug */ = {
			isa = XCBuildConfiguration;
			baseConfigurationReference = 4D2E8E701A9EA5F00034C672 /* Pods-iOS.debug.xcconfig */;
			buildSettings = {
				ALWAYS_SEARCH_USER_PATHS = NO;
				CLANG_CXX_LANGUAGE_STANDARD = "gnu++0x";
				CLANG_CXX_LIBRARY = "libc++";
				CLANG_ENABLE_MODULES = YES;
				CLANG_ENABLE_OBJC_ARC = YES;
				CLANG_WARN_BOOL_CONVERSION = YES;
				CLANG_WARN_CONSTANT_CONVERSION = YES;
				CLANG_WARN_DIRECT_OBJC_ISA_USAGE = YES_ERROR;
				CLANG_WARN_EMPTY_BODY = YES;
				CLANG_WARN_ENUM_CONVERSION = YES;
				CLANG_WARN_INT_CONVERSION = YES;
				CLANG_WARN_OBJC_ROOT_CLASS = YES_ERROR;
				CLANG_WARN_UNREACHABLE_CODE = YES;
				CLANG_WARN__DUPLICATE_METHOD_MATCH = YES;
				"CODE_SIGN_IDENTITY[sdk=iphoneos*]" = "iPhone Developer";
				COPY_PHASE_STRIP = NO;
				CURRENT_PROJECT_VERSION = 1;
				DEFINES_MODULE = YES;
				DYLIB_COMPATIBILITY_VERSION = 1;
				DYLIB_CURRENT_VERSION = 1;
				DYLIB_INSTALL_NAME_BASE = "@rpath";
				ENABLE_STRICT_OBJC_MSGSEND = YES;
				FRAMEWORK_SEARCH_PATHS = (
					"$(inherited)",
					"/Users/mark/Projects/podlab/Pods/../build/Debug-iphoneos",
				);
				GCC_C_LANGUAGE_STANDARD = gnu99;
				GCC_DYNAMIC_NO_PIC = NO;
				GCC_OPTIMIZATION_LEVEL = 0;
				GCC_PREPROCESSOR_DEFINITIONS = (
					"DEBUG=1",
					"$(inherited)",
				);
				GCC_SYMBOLS_PRIVATE_EXTERN = NO;
				GCC_WARN_64_TO_32_BIT_CONVERSION = YES;
				GCC_WARN_ABOUT_RETURN_TYPE = YES_ERROR;
				GCC_WARN_UNDECLARED_SELECTOR = YES;
				GCC_WARN_UNINITIALIZED_AUTOS = YES_AGGRESSIVE;
				GCC_WARN_UNUSED_FUNCTION = YES;
				GCC_WARN_UNUSED_VARIABLE = YES;
				INFOPLIST_FILE = PodSplitteriOS/Info.plist;
				INSTALL_PATH = "$(LOCAL_LIBRARY_DIR)/Frameworks";
				IPHONEOS_DEPLOYMENT_TARGET = 8.1;
				LD_RUNPATH_SEARCH_PATHS = "$(inherited) @executable_path/Frameworks @loader_path/Frameworks";
				MTL_ENABLE_DEBUG_INFO = YES;
				ONLY_ACTIVE_ARCH = YES;
				PRODUCT_NAME = "$(TARGET_NAME)";
				SDKROOT = iphoneos;
				SKIP_INSTALL = YES;
				SWIFT_OPTIMIZATION_LEVEL = "-Onone";
				TARGETED_DEVICE_FAMILY = "1,2";
				VERSIONING_SYSTEM = "apple-generic";
				VERSION_INFO_PREFIX = "";
			};
			name = Debug;
		};
		4D3AB6D51A7FD0A2008339F4 /* Release */ = {
			isa = XCBuildConfiguration;
			baseConfigurationReference = 4D2E8E711A9EA5F00034C672 /* Pods-iOS.release.xcconfig */;
			buildSettings = {
				ALWAYS_SEARCH_USER_PATHS = NO;
				CLANG_CXX_LANGUAGE_STANDARD = "gnu++0x";
				CLANG_CXX_LIBRARY = "libc++";
				CLANG_ENABLE_MODULES = YES;
				CLANG_ENABLE_OBJC_ARC = YES;
				CLANG_WARN_BOOL_CONVERSION = YES;
				CLANG_WARN_CONSTANT_CONVERSION = YES;
				CLANG_WARN_DIRECT_OBJC_ISA_USAGE = YES_ERROR;
				CLANG_WARN_EMPTY_BODY = YES;
				CLANG_WARN_ENUM_CONVERSION = YES;
				CLANG_WARN_INT_CONVERSION = YES;
				CLANG_WARN_OBJC_ROOT_CLASS = YES_ERROR;
				CLANG_WARN_UNREACHABLE_CODE = YES;
				CLANG_WARN__DUPLICATE_METHOD_MATCH = YES;
				"CODE_SIGN_IDENTITY[sdk=iphoneos*]" = "iPhone Developer";
				COPY_PHASE_STRIP = YES;
				CURRENT_PROJECT_VERSION = 1;
				DEFINES_MODULE = YES;
				DYLIB_COMPATIBILITY_VERSION = 1;
				DYLIB_CURRENT_VERSION = 1;
				DYLIB_INSTALL_NAME_BASE = "@rpath";
				ENABLE_NS_ASSERTIONS = NO;
				ENABLE_STRICT_OBJC_MSGSEND = YES;
				FRAMEWORK_SEARCH_PATHS = (
					"$(inherited)",
					"/Users/mark/Projects/podlab/Pods/../build/Debug-iphoneos",
				);
				GCC_C_LANGUAGE_STANDARD = gnu99;
				GCC_WARN_64_TO_32_BIT_CONVERSION = YES;
				GCC_WARN_ABOUT_RETURN_TYPE = YES_ERROR;
				GCC_WARN_UNDECLARED_SELECTOR = YES;
				GCC_WARN_UNINITIALIZED_AUTOS = YES_AGGRESSIVE;
				GCC_WARN_UNUSED_FUNCTION = YES;
				GCC_WARN_UNUSED_VARIABLE = YES;
				INFOPLIST_FILE = PodSplitteriOS/Info.plist;
				INSTALL_PATH = "$(LOCAL_LIBRARY_DIR)/Frameworks";
				IPHONEOS_DEPLOYMENT_TARGET = 8.1;
				LD_RUNPATH_SEARCH_PATHS = "$(inherited) @executable_path/Frameworks @loader_path/Frameworks";
				MTL_ENABLE_DEBUG_INFO = NO;
				PRODUCT_NAME = "$(TARGET_NAME)";
				SDKROOT = iphoneos;
				SKIP_INSTALL = YES;
				TARGETED_DEVICE_FAMILY = "1,2";
				VALIDATE_PRODUCT = YES;
				VERSIONING_SYSTEM = "apple-generic";
				VERSION_INFO_PREFIX = "";
			};
			name = Release;
		};
/* End XCBuildConfiguration section */

/* Begin XCConfigurationList section */
		4D3AB5D31A7FCE75008339F4 /* Build configuration list for PBXProject "PodSplitter" */ = {
			isa = XCConfigurationList;
			buildConfigurations = (
				4D3AB5D41A7FCE75008339F4 /* Debug */,
				4D3AB5D51A7FCE75008339F4 /* Release */,
			);
			defaultConfigurationIsVisible = 0;
			defaultConfigurationName = Release;
		};
		4D3AB63F1A7FD071008339F4 /* Build configuration list for PBXNativeTarget "PodSplitterOSX" */ = {
			isa = XCConfigurationList;
			buildConfigurations = (
				4D3AB63B1A7FD071008339F4 /* Debug */,
				4D3AB63C1A7FD071008339F4 /* Release */,
			);
			defaultConfigurationIsVisible = 0;
			defaultConfigurationName = Release;
		};
		4D3AB6401A7FD071008339F4 /* Build configuration list for PBXNativeTarget "PodSplitterOSXTests" */ = {
			isa = XCConfigurationList;
			buildConfigurations = (
				4D3AB63D1A7FD071008339F4 /* Debug */,
				4D3AB63E1A7FD071008339F4 /* Release */,
			);
			defaultConfigurationIsVisible = 0;
			defaultConfigurationName = Release;
		};
		4D3AB6D31A7FD0A2008339F4 /* Build configuration list for PBXNativeTarget "PodSplitteriOS" */ = {
			isa = XCConfigurationList;
			buildConfigurations = (
				4D3AB6D41A7FD0A2008339F4 /* Debug */,
				4D3AB6D51A7FD0A2008339F4 /* Release */,
			);
			defaultConfigurationIsVisible = 0;
			defaultConfigurationName = Release;
		};
/* End XCConfigurationList section */
	};
	rootObject = 4D3AB5D01A7FCE75008339F4 /* Project object */;
}
